// !$*UTF8*$!
{
	archiveVersion = 1;
	classes = {
	};
	objectVersion = 50;
	objects = {

/* Begin PBXBuildFile section */
		140AC8DA94B479A705CEA623 /* libPods-PWNote.a in Frameworks */ = {isa = PBXBuildFile; fileRef = F1A04D7944F8754A62EF0F08 /* libPods-PWNote.a */; };
		F81C127B21AA4EC6009CF497 /* PWNavigationViewController.m in Sources */ = {isa = PBXBuildFile; fileRef = F81C127A21AA4EC6009CF497 /* PWNavigationViewController.m */; };
		F81C128321AA4F32009CF497 /* PWTestHomeViewController.m in Sources */ = {isa = PBXBuildFile; fileRef = F81C128221AA4F32009CF497 /* PWTestHomeViewController.m */; };
		F81C128721AA4FA8009CF497 /* PWHomeViewController.m in Sources */ = {isa = PBXBuildFile; fileRef = F81C128621AA4FA8009CF497 /* PWHomeViewController.m */; };
		F81C128B21AA4FF0009CF497 /* PWLocalConfig.m in Sources */ = {isa = PBXBuildFile; fileRef = F81C128A21AA4FF0009CF497 /* PWLocalConfig.m */; };
		F81C128E21AA4FFE009CF497 /* PWLocalManager.m in Sources */ = {isa = PBXBuildFile; fileRef = F81C128D21AA4FFE009CF497 /* PWLocalManager.m */; };
		F81C129121AA551F009CF497 /* PWRouter.m in Sources */ = {isa = PBXBuildFile; fileRef = F81C129021AA551F009CF497 /* PWRouter.m */; };
		F81C129721AA5607009CF497 /* PWRouterAction.m in Sources */ = {isa = PBXBuildFile; fileRef = F81C129621AA5607009CF497 /* PWRouterAction.m */; };
		F81C129C21AAF60E009CF497 /* PWSettingViewController.m in Sources */ = {isa = PBXBuildFile; fileRef = F81C129B21AAF60E009CF497 /* PWSettingViewController.m */; };
		F81C129F21AAF676009CF497 /* PWMoreViewController.m in Sources */ = {isa = PBXBuildFile; fileRef = F81C129E21AAF676009CF497 /* PWMoreViewController.m */; };
		F81C12A321AAFEE9009CF497 /* PWCollectionDelegate.m in Sources */ = {isa = PBXBuildFile; fileRef = F81C12A221AAFEE9009CF497 /* PWCollectionDelegate.m */; };
		F81C12A621AAFEFA009CF497 /* PWTableViewDelegate.m in Sources */ = {isa = PBXBuildFile; fileRef = F81C12A521AAFEFA009CF497 /* PWTableViewDelegate.m */; };
		F81C12AA21AC3BA2009CF497 /* PWTableViewController.m in Sources */ = {isa = PBXBuildFile; fileRef = F81C12A921AC3BA2009CF497 /* PWTableViewController.m */; };
		F81C12AE21AC43F1009CF497 /* PWDataSource.m in Sources */ = {isa = PBXBuildFile; fileRef = F81C12AD21AC43F1009CF497 /* PWDataSource.m */; };
		F81C12B321AC4524009CF497 /* PWViewModel.m in Sources */ = {isa = PBXBuildFile; fileRef = F81C12B221AC4524009CF497 /* PWViewModel.m */; };
		F81C12B721AC4559009CF497 /* PWSectionModel.m in Sources */ = {isa = PBXBuildFile; fileRef = F81C12B621AC4559009CF497 /* PWSectionModel.m */; };
		F81C12BC21AC461B009CF497 /* PWItemView.m in Sources */ = {isa = PBXBuildFile; fileRef = F81C12BB21AC461B009CF497 /* PWItemView.m */; };
		F81C12C221AC4B7C009CF497 /* UITableViewCell+PWItemView.m in Sources */ = {isa = PBXBuildFile; fileRef = F81C12C121AC4B7C009CF497 /* UITableViewCell+PWItemView.m */; };
		F81C12C721AC4DFB009CF497 /* PWMoreDataSource.m in Sources */ = {isa = PBXBuildFile; fileRef = F81C12C621AC4DFB009CF497 /* PWMoreDataSource.m */; };
		F81C12CA21AC4EBB009CF497 /* PWMoreViewModel.m in Sources */ = {isa = PBXBuildFile; fileRef = F81C12C921AC4EBB009CF497 /* PWMoreViewModel.m */; };
		F81C12E921B2667B009CF497 /* AMButtonFactory.m in Sources */ = {isa = PBXBuildFile; fileRef = F81C12D721B2667B009CF497 /* AMButtonFactory.m */; };
		F81C12EB21B2667B009CF497 /* iconfont.ttf in Resources */ = {isa = PBXBuildFile; fileRef = F81C12DA21B2667B009CF497 /* iconfont.ttf */; };
		F81C12EE21B2667B009CF497 /* AMIconFont.m in Sources */ = {isa = PBXBuildFile; fileRef = F81C12DD21B2667B009CF497 /* AMIconFont.m */; };
		F81C12FE21B2682F009CF497 /* PWMissionViewController.m in Sources */ = {isa = PBXBuildFile; fileRef = F81C12FD21B2682F009CF497 /* PWMissionViewController.m */; };
		F81C130321B269B8009CF497 /* PWToDoListViewController.m in Sources */ = {isa = PBXBuildFile; fileRef = F81C130221B269B8009CF497 /* PWToDoListViewController.m */; };
		F81C130621B269DE009CF497 /* PWKeepViewController.m in Sources */ = {isa = PBXBuildFile; fileRef = F81C130521B269DE009CF497 /* PWKeepViewController.m */; };
		F81C131421B37A24009CF497 /* PWMissionDataSource.m in Sources */ = {isa = PBXBuildFile; fileRef = F81C131321B37A24009CF497 /* PWMissionDataSource.m */; };
		F81C131721B37DAC009CF497 /* PWMissionViewModel.m in Sources */ = {isa = PBXBuildFile; fileRef = F81C131621B37DAC009CF497 /* PWMissionViewModel.m */; };
		F81C131A21B37DE0009CF497 /* PWMissionModel.m in Sources */ = {isa = PBXBuildFile; fileRef = F81C131921B37DE0009CF497 /* PWMissionModel.m */; };
		F81C131D21B37E10009CF497 /* PWMissionItemView.m in Sources */ = {isa = PBXBuildFile; fileRef = F81C131C21B37E10009CF497 /* PWMissionItemView.m */; };
		F81C132021B38118009CF497 /* UIView+ALMAdditons.m in Sources */ = {isa = PBXBuildFile; fileRef = F81C131F21B38118009CF497 /* UIView+ALMAdditons.m */; };
		F81C132321B3CE61009CF497 /* PWUserView.m in Sources */ = {isa = PBXBuildFile; fileRef = F81C132221B3CE61009CF497 /* PWUserView.m */; };
		F81C132721B3D0E0009CF497 /* PWUserViewController.m in Sources */ = {isa = PBXBuildFile; fileRef = F81C132621B3D0E0009CF497 /* PWUserViewController.m */; };
		F81C132A21B3D950009CF497 /* PWToDoListDataSource.m in Sources */ = {isa = PBXBuildFile; fileRef = F81C132921B3D950009CF497 /* PWToDoListDataSource.m */; };
		F81C132D21B3D971009CF497 /* PWTodoListViewModel.m in Sources */ = {isa = PBXBuildFile; fileRef = F81C132C21B3D971009CF497 /* PWTodoListViewModel.m */; };
		F81C133021B3DA43009CF497 /* PWKeepViewModel.m in Sources */ = {isa = PBXBuildFile; fileRef = F81C132F21B3DA43009CF497 /* PWKeepViewModel.m */; };
		F81C133321B3DA52009CF497 /* PWKeepDataSource.m in Sources */ = {isa = PBXBuildFile; fileRef = F81C133221B3DA52009CF497 /* PWKeepDataSource.m */; };
		F81C133621B3DB65009CF497 /* PWKeepItemView.m in Sources */ = {isa = PBXBuildFile; fileRef = F81C133521B3DB65009CF497 /* PWKeepItemView.m */; };
		F81C133921B3DD13009CF497 /* PWTableViewAutoAlyoutDelegate.m in Sources */ = {isa = PBXBuildFile; fileRef = F81C133821B3DD12009CF497 /* PWTableViewAutoAlyoutDelegate.m */; };
		F81C133C21B3F257009CF497 /* PWUserManager.m in Sources */ = {isa = PBXBuildFile; fileRef = F81C133B21B3F257009CF497 /* PWUserManager.m */; };
		F81C133F21B3F25F009CF497 /* PWUser.m in Sources */ = {isa = PBXBuildFile; fileRef = F81C133E21B3F25F009CF497 /* PWUser.m */; };
		F81C134321B3F3B2009CF497 /* PWNetworkService.m in Sources */ = {isa = PBXBuildFile; fileRef = F81C134221B3F3B2009CF497 /* PWNetworkService.m */; };
		F81C134621B3F981009CF497 /* PWSettingDataSource.m in Sources */ = {isa = PBXBuildFile; fileRef = F81C134521B3F981009CF497 /* PWSettingDataSource.m */; };
		F81C134921B3F99A009CF497 /* PWSettingViewModel.m in Sources */ = {isa = PBXBuildFile; fileRef = F81C134821B3F99A009CF497 /* PWSettingViewModel.m */; };
		F81C134C21B3FA77009CF497 /* PWSettingItemView.m in Sources */ = {isa = PBXBuildFile; fileRef = F81C134B21B3FA77009CF497 /* PWSettingItemView.m */; };
		F81C135721B400DA009CF497 /* MBProgressHUD+PWUtils.m in Sources */ = {isa = PBXBuildFile; fileRef = F81C135621B400DA009CF497 /* MBProgressHUD+PWUtils.m */; };
		F838F1BD21AA4B2600C309F2 /* AppDelegate.m in Sources */ = {isa = PBXBuildFile; fileRef = F838F1BC21AA4B2600C309F2 /* AppDelegate.m */; };
		F838F1C021AA4B2600C309F2 /* ViewController.m in Sources */ = {isa = PBXBuildFile; fileRef = F838F1BF21AA4B2600C309F2 /* ViewController.m */; };
		F838F1C321AA4B2600C309F2 /* Main.storyboard in Resources */ = {isa = PBXBuildFile; fileRef = F838F1C121AA4B2600C309F2 /* Main.storyboard */; };
		F838F1C521AA4B2700C309F2 /* Assets.xcassets in Resources */ = {isa = PBXBuildFile; fileRef = F838F1C421AA4B2700C309F2 /* Assets.xcassets */; };
		F838F1C821AA4B2700C309F2 /* LaunchScreen.storyboard in Resources */ = {isa = PBXBuildFile; fileRef = F838F1C621AA4B2700C309F2 /* LaunchScreen.storyboard */; };
		F838F1CB21AA4B2700C309F2 /* main.m in Sources */ = {isa = PBXBuildFile; fileRef = F838F1CA21AA4B2700C309F2 /* main.m */; };
		F838F1D521AA4B2700C309F2 /* PWNoteTests.m in Sources */ = {isa = PBXBuildFile; fileRef = F838F1D421AA4B2700C309F2 /* PWNoteTests.m */; };
		F838F1E021AA4B2700C309F2 /* PWNoteUITests.m in Sources */ = {isa = PBXBuildFile; fileRef = F838F1DF21AA4B2700C309F2 /* PWNoteUITests.m */; };
		F838F1F221AA4C2900C309F2 /* PWViewController.m in Sources */ = {isa = PBXBuildFile; fileRef = F838F1F121AA4C2900C309F2 /* PWViewController.m */; };
		F86F1BAD21E336EC0075462E /* PWBigTitleView.m in Sources */ = {isa = PBXBuildFile; fileRef = F86F1BAC21E336EC0075462E /* PWBigTitleView.m */; };
		F86F1BB021E33DDC0075462E /* PWBigTitleViewModel.m in Sources */ = {isa = PBXBuildFile; fileRef = F86F1BAF21E33DDC0075462E /* PWBigTitleViewModel.m */; };
		F86F1BB321E343AD0075462E /* PWBigTitleCollectionViewController.m in Sources */ = {isa = PBXBuildFile; fileRef = F86F1BB221E343AD0075462E /* PWBigTitleCollectionViewController.m */; };
		F86F1BBA21E34C9B0075462E /* PWBigTitleTableViewController.m in Sources */ = {isa = PBXBuildFile; fileRef = F86F1BB821E34C9B0075462E /* PWBigTitleTableViewController.m */; };
		F86F1BBF21E358260075462E /* PWInteractor.m in Sources */ = {isa = PBXBuildFile; fileRef = F86F1BBE21E358260075462E /* PWInteractor.m */; };
		F86F1BC321E43A750075462E /* PWCategoryItemView.m in Sources */ = {isa = PBXBuildFile; fileRef = F86F1BC221E43A750075462E /* PWCategoryItemView.m */; };
		F86F1BC721E43B260075462E /* PWSkinManager.m in Sources */ = {isa = PBXBuildFile; fileRef = F86F1BC621E43B260075462E /* PWSkinManager.m */; };
		F86F1BCB21E442D70075462E /* PWCategoryUserItemView.m in Sources */ = {isa = PBXBuildFile; fileRef = F86F1BCA21E442D70075462E /* PWCategoryUserItemView.m */; };
		F86F1BCF21E4439B0075462E /* PWCategoryUserViewModel.m in Sources */ = {isa = PBXBuildFile; fileRef = F86F1BCE21E4439B0075462E /* PWCategoryUserViewModel.m */; };
		F86F1BD321E4495F0075462E /* UIImageView+PWWebCatch.m in Sources */ = {isa = PBXBuildFile; fileRef = F86F1BD221E4495F0075462E /* UIImageView+PWWebCatch.m */; };
		F86F1BD621E44A160075462E /* PWImageConfigModel.m in Sources */ = {isa = PBXBuildFile; fileRef = F86F1BD521E44A160075462E /* PWImageConfigModel.m */; };
		F87872B821B96DFF00CA34CE /* PWCategoryViewController.m in Sources */ = {isa = PBXBuildFile; fileRef = F87872B721B96DFF00CA34CE /* PWCategoryViewController.m */; };
		F87872BB21B9705E00CA34CE /* PWCategoryDataSource.m in Sources */ = {isa = PBXBuildFile; fileRef = F87872BA21B9705E00CA34CE /* PWCategoryDataSource.m */; };
		F87872BE21B9721D00CA34CE /* PWCollectionViewViewController.m in Sources */ = {isa = PBXBuildFile; fileRef = F87872BD21B9721D00CA34CE /* PWCollectionViewViewController.m */; };
		F87872C121B9760D00CA34CE /* UICollectionViewCell+PWItemView.m in Sources */ = {isa = PBXBuildFile; fileRef = F87872C021B9760D00CA34CE /* UICollectionViewCell+PWItemView.m */; };
		F87872C421BC0B4800CA34CE /* PWCategorySectionModel.m in Sources */ = {isa = PBXBuildFile; fileRef = F87872C321BC0B4800CA34CE /* PWCategorySectionModel.m */; };
		F87872C721BC0BA200CA34CE /* PWCategoryViewModel.m in Sources */ = {isa = PBXBuildFile; fileRef = F87872C621BC0BA200CA34CE /* PWCategoryViewModel.m */; };
		F887CC7B21D204DD0009F5EC /* PWApplicationMessages.m in Sources */ = {isa = PBXBuildFile; fileRef = F887CC7A21D204DD0009F5EC /* PWApplicationMessages.m */; };
		F887CC7E21D205A00009F5EC /* PWUpdateUtils.m in Sources */ = {isa = PBXBuildFile; fileRef = F887CC7D21D205A00009F5EC /* PWUpdateUtils.m */; };
		F8FD7CB821E49649000145D6 /* PWCategoryModel.m in Sources */ = {isa = PBXBuildFile; fileRef = F8FD7CB721E49649000145D6 /* PWCategoryModel.m */; };
		F8FD7CBB21E4A23C000145D6 /* NSString+PWEmpty.m in Sources */ = {isa = PBXBuildFile; fileRef = F8FD7CBA21E4A23C000145D6 /* NSString+PWEmpty.m */; };
		F8FD7CC121E4D407000145D6 /* PWCategoryFooterItemView.m in Sources */ = {isa = PBXBuildFile; fileRef = F8FD7CC021E4D407000145D6 /* PWCategoryFooterItemView.m */; };
		F8FD7CC421E4D451000145D6 /* PWCagegoryFooterViewModel.m in Sources */ = {isa = PBXBuildFile; fileRef = F8FD7CC321E4D451000145D6 /* PWCagegoryFooterViewModel.m */; };
		F8FD7CC721E5884B000145D6 /* NSArray+PWAddition.m in Sources */ = {isa = PBXBuildFile; fileRef = F8FD7CC521E5884B000145D6 /* NSArray+PWAddition.m */; };
		F8FD7CCA21E58A4A000145D6 /* NSDictionary+PWAddition.m in Sources */ = {isa = PBXBuildFile; fileRef = F8FD7CC921E58A4A000145D6 /* NSDictionary+PWAddition.m */; };
		F8FD7CCE21E5A3FF000145D6 /* PWHomeCategoryTransition.m in Sources */ = {isa = PBXBuildFile; fileRef = F8FD7CCD21E5A3FF000145D6 /* PWHomeCategoryTransition.m */; };
		F8FD7CD321E5B291000145D6 /* PWPresentAnimationTransition.m in Sources */ = {isa = PBXBuildFile; fileRef = F8FD7CD221E5B291000145D6 /* PWPresentAnimationTransition.m */; };
		F8FD7CD721E5C7FD000145D6 /* PWPresentationController.m in Sources */ = {isa = PBXBuildFile; fileRef = F8FD7CD621E5C7FD000145D6 /* PWPresentationController.m */; };
		F8FD7CDA21E5CA57000145D6 /* PWDismissAnimationTransition.m in Sources */ = {isa = PBXBuildFile; fileRef = F8FD7CD921E5CA57000145D6 /* PWDismissAnimationTransition.m */; };
/* End PBXBuildFile section */

/* Begin PBXContainerItemProxy section */
		F838F1D121AA4B2700C309F2 /* PBXContainerItemProxy */ = {
			isa = PBXContainerItemProxy;
			containerPortal = F838F1B021AA4B2600C309F2 /* Project object */;
			proxyType = 1;
			remoteGlobalIDString = F838F1B721AA4B2600C309F2;
			remoteInfo = PWNote;
		};
		F838F1DC21AA4B2700C309F2 /* PBXContainerItemProxy */ = {
			isa = PBXContainerItemProxy;
			containerPortal = F838F1B021AA4B2600C309F2 /* Project object */;
			proxyType = 1;
			remoteGlobalIDString = F838F1B721AA4B2600C309F2;
			remoteInfo = PWNote;
		};
/* End PBXContainerItemProxy section */

/* Begin PBXFileReference section */
		098A9301941826400E4489BC /* libPods-PWNoteUITests.a */ = {isa = PBXFileReference; explicitFileType = archive.ar; includeInIndex = 0; path = "libPods-PWNoteUITests.a"; sourceTree = BUILT_PRODUCTS_DIR; };
		2CF38FAFBEB73E094EC36422 /* Pods-PWNote.release.xcconfig */ = {isa = PBXFileReference; includeInIndex = 1; lastKnownFileType = text.xcconfig; name = "Pods-PWNote.release.xcconfig"; path = "Pods/Target Support Files/Pods-PWNote/Pods-PWNote.release.xcconfig"; sourceTree = "<group>"; };
		45B084998F35C9D708670F18 /* libPods-PWNoteTests.a */ = {isa = PBXFileReference; explicitFileType = archive.ar; includeInIndex = 0; path = "libPods-PWNoteTests.a"; sourceTree = BUILT_PRODUCTS_DIR; };
		7258A6FF615CE16C4387B440 /* Pods-PWNote.debug.xcconfig */ = {isa = PBXFileReference; includeInIndex = 1; lastKnownFileType = text.xcconfig; name = "Pods-PWNote.debug.xcconfig"; path = "Pods/Target Support Files/Pods-PWNote/Pods-PWNote.debug.xcconfig"; sourceTree = "<group>"; };
		F1A04D7944F8754A62EF0F08 /* libPods-PWNote.a */ = {isa = PBXFileReference; explicitFileType = archive.ar; includeInIndex = 0; path = "libPods-PWNote.a"; sourceTree = BUILT_PRODUCTS_DIR; };
		F81C127921AA4EC6009CF497 /* PWNavigationViewController.h */ = {isa = PBXFileReference; lastKnownFileType = sourcecode.c.h; path = PWNavigationViewController.h; sourceTree = "<group>"; };
		F81C127A21AA4EC6009CF497 /* PWNavigationViewController.m */ = {isa = PBXFileReference; lastKnownFileType = sourcecode.c.objc; path = PWNavigationViewController.m; sourceTree = "<group>"; };
		F81C128121AA4F32009CF497 /* PWTestHomeViewController.h */ = {isa = PBXFileReference; lastKnownFileType = sourcecode.c.h; path = PWTestHomeViewController.h; sourceTree = "<group>"; };
		F81C128221AA4F32009CF497 /* PWTestHomeViewController.m */ = {isa = PBXFileReference; lastKnownFileType = sourcecode.c.objc; path = PWTestHomeViewController.m; sourceTree = "<group>"; };
		F81C128521AA4FA8009CF497 /* PWHomeViewController.h */ = {isa = PBXFileReference; lastKnownFileType = sourcecode.c.h; path = PWHomeViewController.h; sourceTree = "<group>"; };
		F81C128621AA4FA8009CF497 /* PWHomeViewController.m */ = {isa = PBXFileReference; lastKnownFileType = sourcecode.c.objc; path = PWHomeViewController.m; sourceTree = "<group>"; };
		F81C128921AA4FF0009CF497 /* PWLocalConfig.h */ = {isa = PBXFileReference; lastKnownFileType = sourcecode.c.h; path = PWLocalConfig.h; sourceTree = "<group>"; };
		F81C128A21AA4FF0009CF497 /* PWLocalConfig.m */ = {isa = PBXFileReference; lastKnownFileType = sourcecode.c.objc; path = PWLocalConfig.m; sourceTree = "<group>"; };
		F81C128C21AA4FFE009CF497 /* PWLocalManager.h */ = {isa = PBXFileReference; lastKnownFileType = sourcecode.c.h; path = PWLocalManager.h; sourceTree = "<group>"; };
		F81C128D21AA4FFE009CF497 /* PWLocalManager.m */ = {isa = PBXFileReference; lastKnownFileType = sourcecode.c.objc; path = PWLocalManager.m; sourceTree = "<group>"; };
		F81C128F21AA551F009CF497 /* PWRouter.h */ = {isa = PBXFileReference; lastKnownFileType = sourcecode.c.h; path = PWRouter.h; sourceTree = "<group>"; };
		F81C129021AA551F009CF497 /* PWRouter.m */ = {isa = PBXFileReference; lastKnownFileType = sourcecode.c.objc; path = PWRouter.m; sourceTree = "<group>"; };
		F81C129521AA5607009CF497 /* PWRouterAction.h */ = {isa = PBXFileReference; lastKnownFileType = sourcecode.c.h; path = PWRouterAction.h; sourceTree = "<group>"; };
		F81C129621AA5607009CF497 /* PWRouterAction.m */ = {isa = PBXFileReference; lastKnownFileType = sourcecode.c.objc; path = PWRouterAction.m; sourceTree = "<group>"; };
		F81C129921AAF054009CF497 /* PWUtils.h */ = {isa = PBXFileReference; lastKnownFileType = sourcecode.c.h; path = PWUtils.h; sourceTree = "<group>"; };
		F81C129A21AAF60E009CF497 /* PWSettingViewController.h */ = {isa = PBXFileReference; lastKnownFileType = sourcecode.c.h; path = PWSettingViewController.h; sourceTree = "<group>"; };
		F81C129B21AAF60E009CF497 /* PWSettingViewController.m */ = {isa = PBXFileReference; lastKnownFileType = sourcecode.c.objc; path = PWSettingViewController.m; sourceTree = "<group>"; };
		F81C129D21AAF676009CF497 /* PWMoreViewController.h */ = {isa = PBXFileReference; lastKnownFileType = sourcecode.c.h; path = PWMoreViewController.h; sourceTree = "<group>"; };
		F81C129E21AAF676009CF497 /* PWMoreViewController.m */ = {isa = PBXFileReference; lastKnownFileType = sourcecode.c.objc; path = PWMoreViewController.m; sourceTree = "<group>"; };
		F81C12A121AAFEE9009CF497 /* PWCollectionDelegate.h */ = {isa = PBXFileReference; fileEncoding = 4; lastKnownFileType = sourcecode.c.h; path = PWCollectionDelegate.h; sourceTree = "<group>"; };
		F81C12A221AAFEE9009CF497 /* PWCollectionDelegate.m */ = {isa = PBXFileReference; fileEncoding = 4; lastKnownFileType = sourcecode.c.objc; path = PWCollectionDelegate.m; sourceTree = "<group>"; };
		F81C12A421AAFEFA009CF497 /* PWTableViewDelegate.h */ = {isa = PBXFileReference; lastKnownFileType = sourcecode.c.h; path = PWTableViewDelegate.h; sourceTree = "<group>"; };
		F81C12A521AAFEFA009CF497 /* PWTableViewDelegate.m */ = {isa = PBXFileReference; lastKnownFileType = sourcecode.c.objc; path = PWTableViewDelegate.m; sourceTree = "<group>"; };
		F81C12A821AC3BA2009CF497 /* PWTableViewController.h */ = {isa = PBXFileReference; lastKnownFileType = sourcecode.c.h; path = PWTableViewController.h; sourceTree = "<group>"; };
		F81C12A921AC3BA2009CF497 /* PWTableViewController.m */ = {isa = PBXFileReference; lastKnownFileType = sourcecode.c.objc; path = PWTableViewController.m; sourceTree = "<group>"; };
		F81C12AC21AC43F1009CF497 /* PWDataSource.h */ = {isa = PBXFileReference; lastKnownFileType = sourcecode.c.h; path = PWDataSource.h; sourceTree = "<group>"; };
		F81C12AD21AC43F1009CF497 /* PWDataSource.m */ = {isa = PBXFileReference; lastKnownFileType = sourcecode.c.objc; path = PWDataSource.m; sourceTree = "<group>"; };
		F81C12B121AC4524009CF497 /* PWViewModel.h */ = {isa = PBXFileReference; lastKnownFileType = sourcecode.c.h; path = PWViewModel.h; sourceTree = "<group>"; };
		F81C12B221AC4524009CF497 /* PWViewModel.m */ = {isa = PBXFileReference; lastKnownFileType = sourcecode.c.objc; path = PWViewModel.m; sourceTree = "<group>"; };
		F81C12B521AC4559009CF497 /* PWSectionModel.h */ = {isa = PBXFileReference; lastKnownFileType = sourcecode.c.h; path = PWSectionModel.h; sourceTree = "<group>"; };
		F81C12B621AC4559009CF497 /* PWSectionModel.m */ = {isa = PBXFileReference; lastKnownFileType = sourcecode.c.objc; path = PWSectionModel.m; sourceTree = "<group>"; };
		F81C12B821AC4578009CF497 /* PWViewModelProtocol.h */ = {isa = PBXFileReference; lastKnownFileType = sourcecode.c.h; path = PWViewModelProtocol.h; sourceTree = "<group>"; };
		F81C12BA21AC461B009CF497 /* PWItemView.h */ = {isa = PBXFileReference; lastKnownFileType = sourcecode.c.h; path = PWItemView.h; sourceTree = "<group>"; };
		F81C12BB21AC461B009CF497 /* PWItemView.m */ = {isa = PBXFileReference; lastKnownFileType = sourcecode.c.objc; path = PWItemView.m; sourceTree = "<group>"; };
		F81C12BD21AC4633009CF497 /* PWItemViewProtocol.h */ = {isa = PBXFileReference; lastKnownFileType = sourcecode.c.h; path = PWItemViewProtocol.h; sourceTree = "<group>"; };
		F81C12BE21AC4678009CF497 /* PWSectionModelProtocol.h */ = {isa = PBXFileReference; lastKnownFileType = sourcecode.c.h; path = PWSectionModelProtocol.h; sourceTree = "<group>"; };
		F81C12C021AC4B7C009CF497 /* UITableViewCell+PWItemView.h */ = {isa = PBXFileReference; lastKnownFileType = sourcecode.c.h; path = "UITableViewCell+PWItemView.h"; sourceTree = "<group>"; };
		F81C12C121AC4B7C009CF497 /* UITableViewCell+PWItemView.m */ = {isa = PBXFileReference; lastKnownFileType = sourcecode.c.objc; path = "UITableViewCell+PWItemView.m"; sourceTree = "<group>"; };
		F81C12C521AC4DFB009CF497 /* PWMoreDataSource.h */ = {isa = PBXFileReference; lastKnownFileType = sourcecode.c.h; path = PWMoreDataSource.h; sourceTree = "<group>"; };
		F81C12C621AC4DFB009CF497 /* PWMoreDataSource.m */ = {isa = PBXFileReference; lastKnownFileType = sourcecode.c.objc; path = PWMoreDataSource.m; sourceTree = "<group>"; };
		F81C12C821AC4EBB009CF497 /* PWMoreViewModel.h */ = {isa = PBXFileReference; lastKnownFileType = sourcecode.c.h; path = PWMoreViewModel.h; sourceTree = "<group>"; };
		F81C12C921AC4EBB009CF497 /* PWMoreViewModel.m */ = {isa = PBXFileReference; lastKnownFileType = sourcecode.c.objc; path = PWMoreViewModel.m; sourceTree = "<group>"; };
		F81C12CB21AD1664009CF497 /* libsqlite3.0.tbd */ = {isa = PBXFileReference; lastKnownFileType = "sourcecode.text-based-dylib-definition"; name = libsqlite3.0.tbd; path = usr/lib/libsqlite3.0.tbd; sourceTree = SDKROOT; };
		F81C12CD21AD17EC009CF497 /* libMasonry.a */ = {isa = PBXFileReference; explicitFileType = archive.ar; path = libMasonry.a; sourceTree = BUILT_PRODUCTS_DIR; };
		F81C12CF21AD17F2009CF497 /* libReactiveCocoa.a */ = {isa = PBXFileReference; explicitFileType = archive.ar; path = libReactiveCocoa.a; sourceTree = BUILT_PRODUCTS_DIR; };
		F81C12D721B2667B009CF497 /* AMButtonFactory.m */ = {isa = PBXFileReference; fileEncoding = 4; lastKnownFileType = sourcecode.c.objc; path = AMButtonFactory.m; sourceTree = "<group>"; };
		F81C12D821B2667B009CF497 /* AMIconfont.h */ = {isa = PBXFileReference; fileEncoding = 4; lastKnownFileType = sourcecode.c.h; path = AMIconfont.h; sourceTree = "<group>"; };
		F81C12DA21B2667B009CF497 /* iconfont.ttf */ = {isa = PBXFileReference; lastKnownFileType = file; path = iconfont.ttf; sourceTree = "<group>"; };
		F81C12DD21B2667B009CF497 /* AMIconFont.m */ = {isa = PBXFileReference; fileEncoding = 4; lastKnownFileType = sourcecode.c.objc; path = AMIconFont.m; sourceTree = "<group>"; };
		F81C12DE21B2667B009CF497 /* AMButtonFactory.h */ = {isa = PBXFileReference; fileEncoding = 4; lastKnownFileType = sourcecode.c.h; path = AMButtonFactory.h; sourceTree = "<group>"; };
		F81C12FC21B2682F009CF497 /* PWMissionViewController.h */ = {isa = PBXFileReference; lastKnownFileType = sourcecode.c.h; path = PWMissionViewController.h; sourceTree = "<group>"; };
		F81C12FD21B2682F009CF497 /* PWMissionViewController.m */ = {isa = PBXFileReference; lastKnownFileType = sourcecode.c.objc; path = PWMissionViewController.m; sourceTree = "<group>"; };
		F81C130121B269B8009CF497 /* PWToDoListViewController.h */ = {isa = PBXFileReference; lastKnownFileType = sourcecode.c.h; path = PWToDoListViewController.h; sourceTree = "<group>"; };
		F81C130221B269B8009CF497 /* PWToDoListViewController.m */ = {isa = PBXFileReference; lastKnownFileType = sourcecode.c.objc; path = PWToDoListViewController.m; sourceTree = "<group>"; };
		F81C130421B269DE009CF497 /* PWKeepViewController.h */ = {isa = PBXFileReference; lastKnownFileType = sourcecode.c.h; path = PWKeepViewController.h; sourceTree = "<group>"; };
		F81C130521B269DE009CF497 /* PWKeepViewController.m */ = {isa = PBXFileReference; lastKnownFileType = sourcecode.c.objc; path = PWKeepViewController.m; sourceTree = "<group>"; };
		F81C131221B37A24009CF497 /* PWMissionDataSource.h */ = {isa = PBXFileReference; lastKnownFileType = sourcecode.c.h; path = PWMissionDataSource.h; sourceTree = "<group>"; };
		F81C131321B37A24009CF497 /* PWMissionDataSource.m */ = {isa = PBXFileReference; lastKnownFileType = sourcecode.c.objc; path = PWMissionDataSource.m; sourceTree = "<group>"; };
		F81C131521B37DAC009CF497 /* PWMissionViewModel.h */ = {isa = PBXFileReference; lastKnownFileType = sourcecode.c.h; path = PWMissionViewModel.h; sourceTree = "<group>"; };
		F81C131621B37DAC009CF497 /* PWMissionViewModel.m */ = {isa = PBXFileReference; lastKnownFileType = sourcecode.c.objc; path = PWMissionViewModel.m; sourceTree = "<group>"; };
		F81C131821B37DE0009CF497 /* PWMissionModel.h */ = {isa = PBXFileReference; lastKnownFileType = sourcecode.c.h; path = PWMissionModel.h; sourceTree = "<group>"; };
		F81C131921B37DE0009CF497 /* PWMissionModel.m */ = {isa = PBXFileReference; lastKnownFileType = sourcecode.c.objc; path = PWMissionModel.m; sourceTree = "<group>"; };
		F81C131B21B37E10009CF497 /* PWMissionItemView.h */ = {isa = PBXFileReference; lastKnownFileType = sourcecode.c.h; path = PWMissionItemView.h; sourceTree = "<group>"; };
		F81C131C21B37E10009CF497 /* PWMissionItemView.m */ = {isa = PBXFileReference; lastKnownFileType = sourcecode.c.objc; path = PWMissionItemView.m; sourceTree = "<group>"; };
		F81C131E21B38118009CF497 /* UIView+ALMAdditons.h */ = {isa = PBXFileReference; fileEncoding = 4; lastKnownFileType = sourcecode.c.h; path = "UIView+ALMAdditons.h"; sourceTree = "<group>"; };
		F81C131F21B38118009CF497 /* UIView+ALMAdditons.m */ = {isa = PBXFileReference; fileEncoding = 4; lastKnownFileType = sourcecode.c.objc; path = "UIView+ALMAdditons.m"; sourceTree = "<group>"; };
		F81C132121B3CE61009CF497 /* PWUserView.h */ = {isa = PBXFileReference; lastKnownFileType = sourcecode.c.h; path = PWUserView.h; sourceTree = "<group>"; };
		F81C132221B3CE61009CF497 /* PWUserView.m */ = {isa = PBXFileReference; lastKnownFileType = sourcecode.c.objc; path = PWUserView.m; sourceTree = "<group>"; };
		F81C132521B3D0E0009CF497 /* PWUserViewController.h */ = {isa = PBXFileReference; lastKnownFileType = sourcecode.c.h; path = PWUserViewController.h; sourceTree = "<group>"; };
		F81C132621B3D0E0009CF497 /* PWUserViewController.m */ = {isa = PBXFileReference; lastKnownFileType = sourcecode.c.objc; path = PWUserViewController.m; sourceTree = "<group>"; };
		F81C132821B3D950009CF497 /* PWToDoListDataSource.h */ = {isa = PBXFileReference; lastKnownFileType = sourcecode.c.h; path = PWToDoListDataSource.h; sourceTree = "<group>"; };
		F81C132921B3D950009CF497 /* PWToDoListDataSource.m */ = {isa = PBXFileReference; lastKnownFileType = sourcecode.c.objc; path = PWToDoListDataSource.m; sourceTree = "<group>"; };
		F81C132B21B3D971009CF497 /* PWTodoListViewModel.h */ = {isa = PBXFileReference; lastKnownFileType = sourcecode.c.h; path = PWTodoListViewModel.h; sourceTree = "<group>"; };
		F81C132C21B3D971009CF497 /* PWTodoListViewModel.m */ = {isa = PBXFileReference; lastKnownFileType = sourcecode.c.objc; path = PWTodoListViewModel.m; sourceTree = "<group>"; };
		F81C132E21B3DA43009CF497 /* PWKeepViewModel.h */ = {isa = PBXFileReference; lastKnownFileType = sourcecode.c.h; path = PWKeepViewModel.h; sourceTree = "<group>"; };
		F81C132F21B3DA43009CF497 /* PWKeepViewModel.m */ = {isa = PBXFileReference; lastKnownFileType = sourcecode.c.objc; path = PWKeepViewModel.m; sourceTree = "<group>"; };
		F81C133121B3DA52009CF497 /* PWKeepDataSource.h */ = {isa = PBXFileReference; lastKnownFileType = sourcecode.c.h; path = PWKeepDataSource.h; sourceTree = "<group>"; };
		F81C133221B3DA52009CF497 /* PWKeepDataSource.m */ = {isa = PBXFileReference; lastKnownFileType = sourcecode.c.objc; path = PWKeepDataSource.m; sourceTree = "<group>"; };
		F81C133421B3DB65009CF497 /* PWKeepItemView.h */ = {isa = PBXFileReference; lastKnownFileType = sourcecode.c.h; path = PWKeepItemView.h; sourceTree = "<group>"; };
		F81C133521B3DB65009CF497 /* PWKeepItemView.m */ = {isa = PBXFileReference; lastKnownFileType = sourcecode.c.objc; path = PWKeepItemView.m; sourceTree = "<group>"; };
		F81C133721B3DD12009CF497 /* PWTableViewAutoAlyoutDelegate.h */ = {isa = PBXFileReference; lastKnownFileType = sourcecode.c.h; path = PWTableViewAutoAlyoutDelegate.h; sourceTree = "<group>"; };
		F81C133821B3DD12009CF497 /* PWTableViewAutoAlyoutDelegate.m */ = {isa = PBXFileReference; lastKnownFileType = sourcecode.c.objc; path = PWTableViewAutoAlyoutDelegate.m; sourceTree = "<group>"; };
		F81C133A21B3F257009CF497 /* PWUserManager.h */ = {isa = PBXFileReference; lastKnownFileType = sourcecode.c.h; path = PWUserManager.h; sourceTree = "<group>"; };
		F81C133B21B3F257009CF497 /* PWUserManager.m */ = {isa = PBXFileReference; lastKnownFileType = sourcecode.c.objc; path = PWUserManager.m; sourceTree = "<group>"; };
		F81C133D21B3F25F009CF497 /* PWUser.h */ = {isa = PBXFileReference; lastKnownFileType = sourcecode.c.h; path = PWUser.h; sourceTree = "<group>"; };
		F81C133E21B3F25F009CF497 /* PWUser.m */ = {isa = PBXFileReference; lastKnownFileType = sourcecode.c.objc; path = PWUser.m; sourceTree = "<group>"; };
		F81C134121B3F3B2009CF497 /* PWNetworkService.h */ = {isa = PBXFileReference; lastKnownFileType = sourcecode.c.h; path = PWNetworkService.h; sourceTree = "<group>"; };
		F81C134221B3F3B2009CF497 /* PWNetworkService.m */ = {isa = PBXFileReference; lastKnownFileType = sourcecode.c.objc; path = PWNetworkService.m; sourceTree = "<group>"; };
		F81C134421B3F981009CF497 /* PWSettingDataSource.h */ = {isa = PBXFileReference; lastKnownFileType = sourcecode.c.h; path = PWSettingDataSource.h; sourceTree = "<group>"; };
		F81C134521B3F981009CF497 /* PWSettingDataSource.m */ = {isa = PBXFileReference; lastKnownFileType = sourcecode.c.objc; path = PWSettingDataSource.m; sourceTree = "<group>"; };
		F81C134721B3F99A009CF497 /* PWSettingViewModel.h */ = {isa = PBXFileReference; lastKnownFileType = sourcecode.c.h; path = PWSettingViewModel.h; sourceTree = "<group>"; };
		F81C134821B3F99A009CF497 /* PWSettingViewModel.m */ = {isa = PBXFileReference; lastKnownFileType = sourcecode.c.objc; path = PWSettingViewModel.m; sourceTree = "<group>"; };
		F81C134A21B3FA77009CF497 /* PWSettingItemView.h */ = {isa = PBXFileReference; lastKnownFileType = sourcecode.c.h; path = PWSettingItemView.h; sourceTree = "<group>"; };
		F81C134B21B3FA77009CF497 /* PWSettingItemView.m */ = {isa = PBXFileReference; lastKnownFileType = sourcecode.c.objc; path = PWSettingItemView.m; sourceTree = "<group>"; };
		F81C135521B400DA009CF497 /* MBProgressHUD+PWUtils.h */ = {isa = PBXFileReference; lastKnownFileType = sourcecode.c.h; path = "MBProgressHUD+PWUtils.h"; sourceTree = "<group>"; };
		F81C135621B400DA009CF497 /* MBProgressHUD+PWUtils.m */ = {isa = PBXFileReference; lastKnownFileType = sourcecode.c.objc; path = "MBProgressHUD+PWUtils.m"; sourceTree = "<group>"; };
		F838F1B821AA4B2600C309F2 /* PWNote.app */ = {isa = PBXFileReference; explicitFileType = wrapper.application; includeInIndex = 0; path = PWNote.app; sourceTree = BUILT_PRODUCTS_DIR; };
		F838F1BB21AA4B2600C309F2 /* AppDelegate.h */ = {isa = PBXFileReference; lastKnownFileType = sourcecode.c.h; path = AppDelegate.h; sourceTree = "<group>"; };
		F838F1BC21AA4B2600C309F2 /* AppDelegate.m */ = {isa = PBXFileReference; lastKnownFileType = sourcecode.c.objc; path = AppDelegate.m; sourceTree = "<group>"; };
		F838F1BE21AA4B2600C309F2 /* ViewController.h */ = {isa = PBXFileReference; lastKnownFileType = sourcecode.c.h; path = ViewController.h; sourceTree = "<group>"; };
		F838F1BF21AA4B2600C309F2 /* ViewController.m */ = {isa = PBXFileReference; lastKnownFileType = sourcecode.c.objc; path = ViewController.m; sourceTree = "<group>"; };
		F838F1C221AA4B2600C309F2 /* Base */ = {isa = PBXFileReference; lastKnownFileType = file.storyboard; name = Base; path = Base.lproj/Main.storyboard; sourceTree = "<group>"; };
		F838F1C421AA4B2700C309F2 /* Assets.xcassets */ = {isa = PBXFileReference; lastKnownFileType = folder.assetcatalog; path = Assets.xcassets; sourceTree = "<group>"; };
		F838F1C721AA4B2700C309F2 /* Base */ = {isa = PBXFileReference; lastKnownFileType = file.storyboard; name = Base; path = Base.lproj/LaunchScreen.storyboard; sourceTree = "<group>"; };
		F838F1C921AA4B2700C309F2 /* Info.plist */ = {isa = PBXFileReference; lastKnownFileType = text.plist.xml; path = Info.plist; sourceTree = "<group>"; };
		F838F1CA21AA4B2700C309F2 /* main.m */ = {isa = PBXFileReference; lastKnownFileType = sourcecode.c.objc; path = main.m; sourceTree = "<group>"; };
		F838F1D021AA4B2700C309F2 /* PWNoteTests.xctest */ = {isa = PBXFileReference; explicitFileType = wrapper.cfbundle; includeInIndex = 0; path = PWNoteTests.xctest; sourceTree = BUILT_PRODUCTS_DIR; };
		F838F1D421AA4B2700C309F2 /* PWNoteTests.m */ = {isa = PBXFileReference; lastKnownFileType = sourcecode.c.objc; path = PWNoteTests.m; sourceTree = "<group>"; };
		F838F1D621AA4B2700C309F2 /* Info.plist */ = {isa = PBXFileReference; lastKnownFileType = text.plist.xml; path = Info.plist; sourceTree = "<group>"; };
		F838F1DB21AA4B2700C309F2 /* PWNoteUITests.xctest */ = {isa = PBXFileReference; explicitFileType = wrapper.cfbundle; includeInIndex = 0; path = PWNoteUITests.xctest; sourceTree = BUILT_PRODUCTS_DIR; };
		F838F1DF21AA4B2700C309F2 /* PWNoteUITests.m */ = {isa = PBXFileReference; lastKnownFileType = sourcecode.c.objc; path = PWNoteUITests.m; sourceTree = "<group>"; };
		F838F1E121AA4B2700C309F2 /* Info.plist */ = {isa = PBXFileReference; lastKnownFileType = text.plist.xml; path = Info.plist; sourceTree = "<group>"; };
		F838F1F021AA4C2900C309F2 /* PWViewController.h */ = {isa = PBXFileReference; lastKnownFileType = sourcecode.c.h; path = PWViewController.h; sourceTree = "<group>"; };
		F838F1F121AA4C2900C309F2 /* PWViewController.m */ = {isa = PBXFileReference; lastKnownFileType = sourcecode.c.objc; path = PWViewController.m; sourceTree = "<group>"; };
		F86F1BAB21E336EC0075462E /* PWBigTitleView.h */ = {isa = PBXFileReference; lastKnownFileType = sourcecode.c.h; path = PWBigTitleView.h; sourceTree = "<group>"; };
		F86F1BAC21E336EC0075462E /* PWBigTitleView.m */ = {isa = PBXFileReference; lastKnownFileType = sourcecode.c.objc; path = PWBigTitleView.m; sourceTree = "<group>"; };
		F86F1BAE21E33DDC0075462E /* PWBigTitleViewModel.h */ = {isa = PBXFileReference; lastKnownFileType = sourcecode.c.h; path = PWBigTitleViewModel.h; sourceTree = "<group>"; };
		F86F1BAF21E33DDC0075462E /* PWBigTitleViewModel.m */ = {isa = PBXFileReference; lastKnownFileType = sourcecode.c.objc; path = PWBigTitleViewModel.m; sourceTree = "<group>"; };
		F86F1BB121E343AD0075462E /* PWBigTitleCollectionViewController.h */ = {isa = PBXFileReference; lastKnownFileType = sourcecode.c.h; path = PWBigTitleCollectionViewController.h; sourceTree = "<group>"; };
		F86F1BB221E343AD0075462E /* PWBigTitleCollectionViewController.m */ = {isa = PBXFileReference; lastKnownFileType = sourcecode.c.objc; path = PWBigTitleCollectionViewController.m; sourceTree = "<group>"; };
		F86F1BB721E34C9B0075462E /* PWBigTitleTableViewController.h */ = {isa = PBXFileReference; lastKnownFileType = sourcecode.c.h; path = PWBigTitleTableViewController.h; sourceTree = "<group>"; };
		F86F1BB821E34C9B0075462E /* PWBigTitleTableViewController.m */ = {isa = PBXFileReference; lastKnownFileType = sourcecode.c.objc; path = PWBigTitleTableViewController.m; sourceTree = "<group>"; };
		F86F1BBD21E358260075462E /* PWInteractor.h */ = {isa = PBXFileReference; lastKnownFileType = sourcecode.c.h; path = PWInteractor.h; sourceTree = "<group>"; };
		F86F1BBE21E358260075462E /* PWInteractor.m */ = {isa = PBXFileReference; lastKnownFileType = sourcecode.c.objc; path = PWInteractor.m; sourceTree = "<group>"; };
		F86F1BC121E43A750075462E /* PWCategoryItemView.h */ = {isa = PBXFileReference; lastKnownFileType = sourcecode.c.h; path = PWCategoryItemView.h; sourceTree = "<group>"; };
		F86F1BC221E43A750075462E /* PWCategoryItemView.m */ = {isa = PBXFileReference; lastKnownFileType = sourcecode.c.objc; path = PWCategoryItemView.m; sourceTree = "<group>"; };
		F86F1BC521E43B260075462E /* PWSkinManager.h */ = {isa = PBXFileReference; lastKnownFileType = sourcecode.c.h; name = PWSkinManager.h; path = PWNote/Business/Category/PWSkinManager.h; sourceTree = SOURCE_ROOT; };
		F86F1BC621E43B260075462E /* PWSkinManager.m */ = {isa = PBXFileReference; lastKnownFileType = sourcecode.c.objc; name = PWSkinManager.m; path = PWNote/Business/Category/PWSkinManager.m; sourceTree = SOURCE_ROOT; };
		F86F1BC921E442D70075462E /* PWCategoryUserItemView.h */ = {isa = PBXFileReference; lastKnownFileType = sourcecode.c.h; path = PWCategoryUserItemView.h; sourceTree = "<group>"; };
		F86F1BCA21E442D70075462E /* PWCategoryUserItemView.m */ = {isa = PBXFileReference; lastKnownFileType = sourcecode.c.objc; path = PWCategoryUserItemView.m; sourceTree = "<group>"; };
		F86F1BCD21E4439B0075462E /* PWCategoryUserViewModel.h */ = {isa = PBXFileReference; lastKnownFileType = sourcecode.c.h; path = PWCategoryUserViewModel.h; sourceTree = "<group>"; };
		F86F1BCE21E4439B0075462E /* PWCategoryUserViewModel.m */ = {isa = PBXFileReference; lastKnownFileType = sourcecode.c.objc; path = PWCategoryUserViewModel.m; sourceTree = "<group>"; };
		F86F1BD121E4495F0075462E /* UIImageView+PWWebCatch.h */ = {isa = PBXFileReference; lastKnownFileType = sourcecode.c.h; path = "UIImageView+PWWebCatch.h"; sourceTree = "<group>"; };
		F86F1BD221E4495F0075462E /* UIImageView+PWWebCatch.m */ = {isa = PBXFileReference; lastKnownFileType = sourcecode.c.objc; path = "UIImageView+PWWebCatch.m"; sourceTree = "<group>"; };
		F86F1BD421E44A160075462E /* PWImageConfigModel.h */ = {isa = PBXFileReference; lastKnownFileType = sourcecode.c.h; path = PWImageConfigModel.h; sourceTree = "<group>"; };
		F86F1BD521E44A160075462E /* PWImageConfigModel.m */ = {isa = PBXFileReference; lastKnownFileType = sourcecode.c.objc; path = PWImageConfigModel.m; sourceTree = "<group>"; };
		F87872B621B96DFF00CA34CE /* PWCategoryViewController.h */ = {isa = PBXFileReference; lastKnownFileType = sourcecode.c.h; path = PWCategoryViewController.h; sourceTree = "<group>"; };
		F87872B721B96DFF00CA34CE /* PWCategoryViewController.m */ = {isa = PBXFileReference; lastKnownFileType = sourcecode.c.objc; path = PWCategoryViewController.m; sourceTree = "<group>"; };
		F87872B921B9705E00CA34CE /* PWCategoryDataSource.h */ = {isa = PBXFileReference; lastKnownFileType = sourcecode.c.h; path = PWCategoryDataSource.h; sourceTree = "<group>"; };
		F87872BA21B9705E00CA34CE /* PWCategoryDataSource.m */ = {isa = PBXFileReference; lastKnownFileType = sourcecode.c.objc; path = PWCategoryDataSource.m; sourceTree = "<group>"; };
		F87872BC21B9721D00CA34CE /* PWCollectionViewViewController.h */ = {isa = PBXFileReference; lastKnownFileType = sourcecode.c.h; path = PWCollectionViewViewController.h; sourceTree = "<group>"; };
		F87872BD21B9721D00CA34CE /* PWCollectionViewViewController.m */ = {isa = PBXFileReference; lastKnownFileType = sourcecode.c.objc; path = PWCollectionViewViewController.m; sourceTree = "<group>"; };
		F87872BF21B9760D00CA34CE /* UICollectionViewCell+PWItemView.h */ = {isa = PBXFileReference; lastKnownFileType = sourcecode.c.h; path = "UICollectionViewCell+PWItemView.h"; sourceTree = "<group>"; };
		F87872C021B9760D00CA34CE /* UICollectionViewCell+PWItemView.m */ = {isa = PBXFileReference; lastKnownFileType = sourcecode.c.objc; path = "UICollectionViewCell+PWItemView.m"; sourceTree = "<group>"; };
		F87872C221BC0B4800CA34CE /* PWCategorySectionModel.h */ = {isa = PBXFileReference; lastKnownFileType = sourcecode.c.h; path = PWCategorySectionModel.h; sourceTree = "<group>"; };
		F87872C321BC0B4800CA34CE /* PWCategorySectionModel.m */ = {isa = PBXFileReference; lastKnownFileType = sourcecode.c.objc; path = PWCategorySectionModel.m; sourceTree = "<group>"; };
		F87872C521BC0BA200CA34CE /* PWCategoryViewModel.h */ = {isa = PBXFileReference; lastKnownFileType = sourcecode.c.h; path = PWCategoryViewModel.h; sourceTree = "<group>"; };
		F87872C621BC0BA200CA34CE /* PWCategoryViewModel.m */ = {isa = PBXFileReference; lastKnownFileType = sourcecode.c.objc; path = PWCategoryViewModel.m; sourceTree = "<group>"; };
		F887CC7921D204DD0009F5EC /* PWApplicationMessages.h */ = {isa = PBXFileReference; lastKnownFileType = sourcecode.c.h; path = PWApplicationMessages.h; sourceTree = "<group>"; };
		F887CC7A21D204DD0009F5EC /* PWApplicationMessages.m */ = {isa = PBXFileReference; lastKnownFileType = sourcecode.c.objc; path = PWApplicationMessages.m; sourceTree = "<group>"; };
		F887CC7C21D205A00009F5EC /* PWUpdateUtils.h */ = {isa = PBXFileReference; lastKnownFileType = sourcecode.c.h; path = PWUpdateUtils.h; sourceTree = "<group>"; };
		F887CC7D21D205A00009F5EC /* PWUpdateUtils.m */ = {isa = PBXFileReference; lastKnownFileType = sourcecode.c.objc; path = PWUpdateUtils.m; sourceTree = "<group>"; };
		F8FD7CB621E49649000145D6 /* PWCategoryModel.h */ = {isa = PBXFileReference; lastKnownFileType = sourcecode.c.h; path = PWCategoryModel.h; sourceTree = "<group>"; };
		F8FD7CB721E49649000145D6 /* PWCategoryModel.m */ = {isa = PBXFileReference; lastKnownFileType = sourcecode.c.objc; path = PWCategoryModel.m; sourceTree = "<group>"; };
		F8FD7CB921E4A23C000145D6 /* NSString+PWEmpty.h */ = {isa = PBXFileReference; lastKnownFileType = sourcecode.c.h; path = "NSString+PWEmpty.h"; sourceTree = "<group>"; };
		F8FD7CBA21E4A23C000145D6 /* NSString+PWEmpty.m */ = {isa = PBXFileReference; lastKnownFileType = sourcecode.c.objc; path = "NSString+PWEmpty.m"; sourceTree = "<group>"; };
		F8FD7CBF21E4D407000145D6 /* PWCategoryFooterItemView.h */ = {isa = PBXFileReference; lastKnownFileType = sourcecode.c.h; path = PWCategoryFooterItemView.h; sourceTree = "<group>"; };
		F8FD7CC021E4D407000145D6 /* PWCategoryFooterItemView.m */ = {isa = PBXFileReference; lastKnownFileType = sourcecode.c.objc; path = PWCategoryFooterItemView.m; sourceTree = "<group>"; };
		F8FD7CC221E4D451000145D6 /* PWCagegoryFooterViewModel.h */ = {isa = PBXFileReference; lastKnownFileType = sourcecode.c.h; path = PWCagegoryFooterViewModel.h; sourceTree = "<group>"; };
		F8FD7CC321E4D451000145D6 /* PWCagegoryFooterViewModel.m */ = {isa = PBXFileReference; lastKnownFileType = sourcecode.c.objc; path = PWCagegoryFooterViewModel.m; sourceTree = "<group>"; };
		F8FD7CC521E5884B000145D6 /* NSArray+PWAddition.m */ = {isa = PBXFileReference; fileEncoding = 4; lastKnownFileType = sourcecode.c.objc; path = "NSArray+PWAddition.m"; sourceTree = "<group>"; };
		F8FD7CC621E5884B000145D6 /* NSArray+PWAddition.h */ = {isa = PBXFileReference; fileEncoding = 4; lastKnownFileType = sourcecode.c.h; path = "NSArray+PWAddition.h"; sourceTree = "<group>"; };
		F8FD7CC821E58A4A000145D6 /* NSDictionary+PWAddition.h */ = {isa = PBXFileReference; fileEncoding = 4; lastKnownFileType = sourcecode.c.h; path = "NSDictionary+PWAddition.h"; sourceTree = "<group>"; };
		F8FD7CC921E58A4A000145D6 /* NSDictionary+PWAddition.m */ = {isa = PBXFileReference; fileEncoding = 4; lastKnownFileType = sourcecode.c.objc; path = "NSDictionary+PWAddition.m"; sourceTree = "<group>"; };
		F8FD7CCC21E5A3FF000145D6 /* PWHomeCategoryTransition.h */ = {isa = PBXFileReference; lastKnownFileType = sourcecode.c.h; path = PWHomeCategoryTransition.h; sourceTree = "<group>"; };
		F8FD7CCD21E5A3FF000145D6 /* PWHomeCategoryTransition.m */ = {isa = PBXFileReference; lastKnownFileType = sourcecode.c.objc; path = PWHomeCategoryTransition.m; sourceTree = "<group>"; };
		F8FD7CD121E5B291000145D6 /* PWPresentAnimationTransition.h */ = {isa = PBXFileReference; lastKnownFileType = sourcecode.c.h; path = PWPresentAnimationTransition.h; sourceTree = "<group>"; };
		F8FD7CD221E5B291000145D6 /* PWPresentAnimationTransition.m */ = {isa = PBXFileReference; lastKnownFileType = sourcecode.c.objc; path = PWPresentAnimationTransition.m; sourceTree = "<group>"; };
		F8FD7CD521E5C7FD000145D6 /* PWPresentationController.h */ = {isa = PBXFileReference; lastKnownFileType = sourcecode.c.h; path = PWPresentationController.h; sourceTree = "<group>"; };
		F8FD7CD621E5C7FD000145D6 /* PWPresentationController.m */ = {isa = PBXFileReference; lastKnownFileType = sourcecode.c.objc; path = PWPresentationController.m; sourceTree = "<group>"; };
		F8FD7CD821E5CA57000145D6 /* PWDismissAnimationTransition.h */ = {isa = PBXFileReference; lastKnownFileType = sourcecode.c.h; path = PWDismissAnimationTransition.h; sourceTree = "<group>"; };
		F8FD7CD921E5CA57000145D6 /* PWDismissAnimationTransition.m */ = {isa = PBXFileReference; lastKnownFileType = sourcecode.c.objc; path = PWDismissAnimationTransition.m; sourceTree = "<group>"; };
/* End PBXFileReference section */

/* Begin PBXFrameworksBuildPhase section */
		F838F1B521AA4B2600C309F2 /* Frameworks */ = {
			isa = PBXFrameworksBuildPhase;
			buildActionMask = 2147483647;
			files = (
				140AC8DA94B479A705CEA623 /* libPods-PWNote.a in Frameworks */,
			);
			runOnlyForDeploymentPostprocessing = 0;
		};
		F838F1CD21AA4B2700C309F2 /* Frameworks */ = {
			isa = PBXFrameworksBuildPhase;
			buildActionMask = 2147483647;
			files = (
			);
			runOnlyForDeploymentPostprocessing = 0;
		};
		F838F1D821AA4B2700C309F2 /* Frameworks */ = {
			isa = PBXFrameworksBuildPhase;
			buildActionMask = 2147483647;
			files = (
			);
			runOnlyForDeploymentPostprocessing = 0;
		};
/* End PBXFrameworksBuildPhase section */

/* Begin PBXGroup section */
		0D1F80719D5B9C4CF63E0B5E /* Pods */ = {
			isa = PBXGroup;
			children = (
				7258A6FF615CE16C4387B440 /* Pods-PWNote.debug.xcconfig */,
				2CF38FAFBEB73E094EC36422 /* Pods-PWNote.release.xcconfig */,
			);
			name = Pods;
			sourceTree = "<group>";
		};
		15733508B4AE0C347126C9BA /* Frameworks */ = {
			isa = PBXGroup;
			children = (
				F81C12CF21AD17F2009CF497 /* libReactiveCocoa.a */,
				F81C12CD21AD17EC009CF497 /* libMasonry.a */,
				F81C12CB21AD1664009CF497 /* libsqlite3.0.tbd */,
				F1A04D7944F8754A62EF0F08 /* libPods-PWNote.a */,
				45B084998F35C9D708670F18 /* libPods-PWNoteTests.a */,
				098A9301941826400E4489BC /* libPods-PWNoteUITests.a */,
			);
			name = Frameworks;
			sourceTree = "<group>";
		};
		F81C127C21AA4EDF009CF497 /* Router */ = {
			isa = PBXGroup;
			children = (
				F81C128F21AA551F009CF497 /* PWRouter.h */,
				F81C129021AA551F009CF497 /* PWRouter.m */,
				F81C129521AA5607009CF497 /* PWRouterAction.h */,
				F81C129621AA5607009CF497 /* PWRouterAction.m */,
			);
			path = Router;
			sourceTree = "<group>";
		};
		F81C128021AA4F1F009CF497 /* Test */ = {
			isa = PBXGroup;
			children = (
				F81C128121AA4F32009CF497 /* PWTestHomeViewController.h */,
				F81C128221AA4F32009CF497 /* PWTestHomeViewController.m */,
			);
			path = Test;
			sourceTree = "<group>";
		};
		F81C128421AA4FA0009CF497 /* Home */ = {
			isa = PBXGroup;
			children = (
				F8FD7CCB21E5A3DD000145D6 /* Transition */,
				F81C130B21B26ED1009CF497 /* Views */,
				F81C128521AA4FA8009CF497 /* PWHomeViewController.h */,
				F81C128621AA4FA8009CF497 /* PWHomeViewController.m */,
				F81C129A21AAF60E009CF497 /* PWSettingViewController.h */,
				F81C129B21AAF60E009CF497 /* PWSettingViewController.m */,
				F81C134421B3F981009CF497 /* PWSettingDataSource.h */,
				F81C134521B3F981009CF497 /* PWSettingDataSource.m */,
				F81C134721B3F99A009CF497 /* PWSettingViewModel.h */,
				F81C134821B3F99A009CF497 /* PWSettingViewModel.m */,
				F81C134A21B3FA77009CF497 /* PWSettingItemView.h */,
				F81C134B21B3FA77009CF497 /* PWSettingItemView.m */,
			);
			path = Home;
			sourceTree = "<group>";
		};
		F81C128821AA4FE5009CF497 /* LocalConfig */ = {
			isa = PBXGroup;
			children = (
				F81C128921AA4FF0009CF497 /* PWLocalConfig.h */,
				F81C128A21AA4FF0009CF497 /* PWLocalConfig.m */,
				F81C128C21AA4FFE009CF497 /* PWLocalManager.h */,
				F81C128D21AA4FFE009CF497 /* PWLocalManager.m */,
			);
			path = LocalConfig;
			sourceTree = "<group>";
		};
		F81C129821AAF041009CF497 /* Utils */ = {
			isa = PBXGroup;
			children = (
				F81C135121B40087009CF497 /* Category */,
				F81C131E21B38118009CF497 /* UIView+ALMAdditons.h */,
				F81C131F21B38118009CF497 /* UIView+ALMAdditons.m */,
				F81C129921AAF054009CF497 /* PWUtils.h */,
				F887CC7921D204DD0009F5EC /* PWApplicationMessages.h */,
				F887CC7A21D204DD0009F5EC /* PWApplicationMessages.m */,
				F887CC7C21D205A00009F5EC /* PWUpdateUtils.h */,
				F887CC7D21D205A00009F5EC /* PWUpdateUtils.m */,
			);
			path = Utils;
			sourceTree = "<group>";
		};
		F81C12A021AAFEE9009CF497 /* Delegates */ = {
			isa = PBXGroup;
			children = (
				F81C12A121AAFEE9009CF497 /* PWCollectionDelegate.h */,
				F81C12A221AAFEE9009CF497 /* PWCollectionDelegate.m */,
				F81C12A421AAFEFA009CF497 /* PWTableViewDelegate.h */,
				F81C12A521AAFEFA009CF497 /* PWTableViewDelegate.m */,
				F81C133721B3DD12009CF497 /* PWTableViewAutoAlyoutDelegate.h */,
				F81C133821B3DD12009CF497 /* PWTableViewAutoAlyoutDelegate.m */,
			);
			path = Delegates;
			sourceTree = "<group>";
		};
		F81C12A721AC3B84009CF497 /* VCs */ = {
			isa = PBXGroup;
			children = (
				F86F1BAA21E336E10075462E /* BigTitle */,
				F838F1F021AA4C2900C309F2 /* PWViewController.h */,
				F838F1F121AA4C2900C309F2 /* PWViewController.m */,
				F81C12A821AC3BA2009CF497 /* PWTableViewController.h */,
				F81C12A921AC3BA2009CF497 /* PWTableViewController.m */,
				F87872BC21B9721D00CA34CE /* PWCollectionViewViewController.h */,
				F87872BD21B9721D00CA34CE /* PWCollectionViewViewController.m */,
				F86F1BB121E343AD0075462E /* PWBigTitleCollectionViewController.h */,
				F86F1BB221E343AD0075462E /* PWBigTitleCollectionViewController.m */,
				F86F1BB721E34C9B0075462E /* PWBigTitleTableViewController.h */,
				F86F1BB821E34C9B0075462E /* PWBigTitleTableViewController.m */,
			);
			path = VCs;
			sourceTree = "<group>";
		};
		F81C12AB21AC43E5009CF497 /* DataSources */ = {
			isa = PBXGroup;
			children = (
				F81C12AC21AC43F1009CF497 /* PWDataSource.h */,
				F81C12AD21AC43F1009CF497 /* PWDataSource.m */,
			);
			path = DataSources;
			sourceTree = "<group>";
		};
		F81C12B021AC44F6009CF497 /* ViewModels */ = {
			isa = PBXGroup;
			children = (
				F81C12B121AC4524009CF497 /* PWViewModel.h */,
				F81C12B221AC4524009CF497 /* PWViewModel.m */,
				F81C12B821AC4578009CF497 /* PWViewModelProtocol.h */,
			);
			path = ViewModels;
			sourceTree = "<group>";
		};
		F81C12B421AC4551009CF497 /* SectionModels */ = {
			isa = PBXGroup;
			children = (
				F81C12B521AC4559009CF497 /* PWSectionModel.h */,
				F81C12B621AC4559009CF497 /* PWSectionModel.m */,
				F81C12BE21AC4678009CF497 /* PWSectionModelProtocol.h */,
			);
			path = SectionModels;
			sourceTree = "<group>";
		};
		F81C12B921AC4608009CF497 /* ItemViews */ = {
			isa = PBXGroup;
			children = (
				F81C12BA21AC461B009CF497 /* PWItemView.h */,
				F81C12BB21AC461B009CF497 /* PWItemView.m */,
				F81C12BD21AC4633009CF497 /* PWItemViewProtocol.h */,
			);
			path = ItemViews;
			sourceTree = "<group>";
		};
		F81C12BF21AC4B58009CF497 /* Category */ = {
			isa = PBXGroup;
			children = (
				F81C12C021AC4B7C009CF497 /* UITableViewCell+PWItemView.h */,
				F81C12C121AC4B7C009CF497 /* UITableViewCell+PWItemView.m */,
				F87872BF21B9760D00CA34CE /* UICollectionViewCell+PWItemView.h */,
				F87872C021B9760D00CA34CE /* UICollectionViewCell+PWItemView.m */,
			);
			path = Category;
			sourceTree = "<group>";
		};
		F81C12C321AC4DC1009CF497 /* More */ = {
			isa = PBXGroup;
			children = (
				F81C129D21AAF676009CF497 /* PWMoreViewController.h */,
				F81C129E21AAF676009CF497 /* PWMoreViewController.m */,
				F81C12C521AC4DFB009CF497 /* PWMoreDataSource.h */,
				F81C12C621AC4DFB009CF497 /* PWMoreDataSource.m */,
				F81C12C821AC4EBB009CF497 /* PWMoreViewModel.h */,
				F81C12C921AC4EBB009CF497 /* PWMoreViewModel.m */,
			);
			path = More;
			sourceTree = "<group>";
		};
		F81C12C421AC4DD2009CF497 /* Business */ = {
			isa = PBXGroup;
			children = (
				F87872B521B96DE500CA34CE /* Category */,
				F81C132421B3D0BB009CF497 /* User */,
				F81C130021B269AB009CF497 /* TODOList */,
				F81C12FF21B269A5009CF497 /* Keep */,
				F81C12FB21B26823009CF497 /* Mission */,
				F81C128421AA4FA0009CF497 /* Home */,
				F81C12C321AC4DC1009CF497 /* More */,
			);
			path = Business;
			sourceTree = "<group>";
		};
		F81C12D121B2667B009CF497 /* Iconfont */ = {
			isa = PBXGroup;
			children = (
				F81C12D221B2667B009CF497 /* AMIconfont */,
			);
			path = Iconfont;
			sourceTree = "<group>";
		};
		F81C12D221B2667B009CF497 /* AMIconfont */ = {
			isa = PBXGroup;
			children = (
				F81C12D721B2667B009CF497 /* AMButtonFactory.m */,
				F81C12D821B2667B009CF497 /* AMIconfont.h */,
				F81C12DA21B2667B009CF497 /* iconfont.ttf */,
				F81C12DD21B2667B009CF497 /* AMIconFont.m */,
				F81C12DE21B2667B009CF497 /* AMButtonFactory.h */,
			);
			path = AMIconfont;
			sourceTree = "<group>";
		};
		F81C12FB21B26823009CF497 /* Mission */ = {
			isa = PBXGroup;
			children = (
				F81C12FC21B2682F009CF497 /* PWMissionViewController.h */,
				F81C12FD21B2682F009CF497 /* PWMissionViewController.m */,
				F81C131221B37A24009CF497 /* PWMissionDataSource.h */,
				F81C131321B37A24009CF497 /* PWMissionDataSource.m */,
				F81C131521B37DAC009CF497 /* PWMissionViewModel.h */,
				F81C131621B37DAC009CF497 /* PWMissionViewModel.m */,
				F81C131821B37DE0009CF497 /* PWMissionModel.h */,
				F81C131921B37DE0009CF497 /* PWMissionModel.m */,
				F81C131B21B37E10009CF497 /* PWMissionItemView.h */,
				F81C131C21B37E10009CF497 /* PWMissionItemView.m */,
			);
			path = Mission;
			sourceTree = "<group>";
		};
		F81C12FF21B269A5009CF497 /* Keep */ = {
			isa = PBXGroup;
			children = (
				F81C130421B269DE009CF497 /* PWKeepViewController.h */,
				F81C130521B269DE009CF497 /* PWKeepViewController.m */,
				F81C132E21B3DA43009CF497 /* PWKeepViewModel.h */,
				F81C132F21B3DA43009CF497 /* PWKeepViewModel.m */,
				F81C133121B3DA52009CF497 /* PWKeepDataSource.h */,
				F81C133221B3DA52009CF497 /* PWKeepDataSource.m */,
				F81C133421B3DB65009CF497 /* PWKeepItemView.h */,
				F81C133521B3DB65009CF497 /* PWKeepItemView.m */,
			);
			path = Keep;
			sourceTree = "<group>";
		};
		F81C130021B269AB009CF497 /* TODOList */ = {
			isa = PBXGroup;
			children = (
				F81C130121B269B8009CF497 /* PWToDoListViewController.h */,
				F81C130221B269B8009CF497 /* PWToDoListViewController.m */,
				F81C132821B3D950009CF497 /* PWToDoListDataSource.h */,
				F81C132921B3D950009CF497 /* PWToDoListDataSource.m */,
				F81C132B21B3D971009CF497 /* PWTodoListViewModel.h */,
				F81C132C21B3D971009CF497 /* PWTodoListViewModel.m */,
			);
			path = TODOList;
			sourceTree = "<group>";
		};
		F81C130721B26AE2009CF497 /* Views */ = {
			isa = PBXGroup;
			children = (
			);
			path = Views;
			sourceTree = "<group>";
		};
		F81C130B21B26ED1009CF497 /* Views */ = {
			isa = PBXGroup;
			children = (
				F81C132121B3CE61009CF497 /* PWUserView.h */,
				F81C132221B3CE61009CF497 /* PWUserView.m */,
			);
			path = Views;
			sourceTree = "<group>";
		};
		F81C132421B3D0BB009CF497 /* User */ = {
			isa = PBXGroup;
			children = (
				F81C132521B3D0E0009CF497 /* PWUserViewController.h */,
				F81C132621B3D0E0009CF497 /* PWUserViewController.m */,
				F81C133A21B3F257009CF497 /* PWUserManager.h */,
				F81C133B21B3F257009CF497 /* PWUserManager.m */,
				F81C133D21B3F25F009CF497 /* PWUser.h */,
				F81C133E21B3F25F009CF497 /* PWUser.m */,
			);
			path = User;
			sourceTree = "<group>";
		};
		F81C134021B3F3A0009CF497 /* Network */ = {
			isa = PBXGroup;
			children = (
				F81C134121B3F3B2009CF497 /* PWNetworkService.h */,
				F81C134221B3F3B2009CF497 /* PWNetworkService.m */,
			);
			path = Network;
			sourceTree = "<group>";
		};
		F81C135121B40087009CF497 /* Category */ = {
			isa = PBXGroup;
			children = (
				F8FD7CC821E58A4A000145D6 /* NSDictionary+PWAddition.h */,
				F8FD7CC921E58A4A000145D6 /* NSDictionary+PWAddition.m */,
				F8FD7CC621E5884B000145D6 /* NSArray+PWAddition.h */,
				F8FD7CC521E5884B000145D6 /* NSArray+PWAddition.m */,
				F81C135521B400DA009CF497 /* MBProgressHUD+PWUtils.h */,
				F81C135621B400DA009CF497 /* MBProgressHUD+PWUtils.m */,
				F8FD7CB921E4A23C000145D6 /* NSString+PWEmpty.h */,
				F8FD7CBA21E4A23C000145D6 /* NSString+PWEmpty.m */,
			);
			path = Category;
			sourceTree = "<group>";
		};
		F838F1AF21AA4B2600C309F2 = {
			isa = PBXGroup;
			children = (
				F838F1BA21AA4B2600C309F2 /* PWNote */,
				F838F1D321AA4B2700C309F2 /* PWNoteTests */,
				F838F1DE21AA4B2700C309F2 /* PWNoteUITests */,
				F838F1B921AA4B2600C309F2 /* Products */,
				0D1F80719D5B9C4CF63E0B5E /* Pods */,
				15733508B4AE0C347126C9BA /* Frameworks */,
			);
			sourceTree = "<group>";
		};
		F838F1B921AA4B2600C309F2 /* Products */ = {
			isa = PBXGroup;
			children = (
				F838F1B821AA4B2600C309F2 /* PWNote.app */,
				F838F1D021AA4B2700C309F2 /* PWNoteTests.xctest */,
				F838F1DB21AA4B2700C309F2 /* PWNoteUITests.xctest */,
			);
			name = Products;
			sourceTree = "<group>";
		};
		F838F1BA21AA4B2600C309F2 /* PWNote */ = {
			isa = PBXGroup;
			children = (
				F86F1BD021E449410075462E /* ImageCatch */,
				F86F1BC421E43B130075462E /* Skin */,
				F81C134021B3F3A0009CF497 /* Network */,
				F81C12D121B2667B009CF497 /* Iconfont */,
				F81C12C421AC4DD2009CF497 /* Business */,
				F81C129821AAF041009CF497 /* Utils */,
				F81C128821AA4FE5009CF497 /* LocalConfig */,
				F81C128021AA4F1F009CF497 /* Test */,
				F81C127C21AA4EDF009CF497 /* Router */,
				F838F1EF21AA4C1E00C309F2 /* MVVM */,
				F838F1BB21AA4B2600C309F2 /* AppDelegate.h */,
				F838F1BC21AA4B2600C309F2 /* AppDelegate.m */,
				F838F1BE21AA4B2600C309F2 /* ViewController.h */,
				F838F1BF21AA4B2600C309F2 /* ViewController.m */,
				F838F1C121AA4B2600C309F2 /* Main.storyboard */,
				F838F1C421AA4B2700C309F2 /* Assets.xcassets */,
				F838F1C621AA4B2700C309F2 /* LaunchScreen.storyboard */,
				F838F1C921AA4B2700C309F2 /* Info.plist */,
				F838F1CA21AA4B2700C309F2 /* main.m */,
			);
			path = PWNote;
			sourceTree = "<group>";
		};
		F838F1D321AA4B2700C309F2 /* PWNoteTests */ = {
			isa = PBXGroup;
			children = (
				F838F1D421AA4B2700C309F2 /* PWNoteTests.m */,
				F838F1D621AA4B2700C309F2 /* Info.plist */,
			);
			path = PWNoteTests;
			sourceTree = "<group>";
		};
		F838F1DE21AA4B2700C309F2 /* PWNoteUITests */ = {
			isa = PBXGroup;
			children = (
				F838F1DF21AA4B2700C309F2 /* PWNoteUITests.m */,
				F838F1E121AA4B2700C309F2 /* Info.plist */,
			);
			path = PWNoteUITests;
			sourceTree = "<group>";
		};
		F838F1EF21AA4C1E00C309F2 /* MVVM */ = {
			isa = PBXGroup;
			children = (
				F86F1BBC21E3581C0075462E /* Interactors */,
				F81C130721B26AE2009CF497 /* Views */,
				F81C12BF21AC4B58009CF497 /* Category */,
				F81C12B921AC4608009CF497 /* ItemViews */,
				F81C12B421AC4551009CF497 /* SectionModels */,
				F81C12B021AC44F6009CF497 /* ViewModels */,
				F81C12AB21AC43E5009CF497 /* DataSources */,
				F81C12A721AC3B84009CF497 /* VCs */,
				F81C12A021AAFEE9009CF497 /* Delegates */,
				F81C127921AA4EC6009CF497 /* PWNavigationViewController.h */,
				F81C127A21AA4EC6009CF497 /* PWNavigationViewController.m */,
			);
			path = MVVM;
			sourceTree = "<group>";
		};
		F86F1BAA21E336E10075462E /* BigTitle */ = {
			isa = PBXGroup;
			children = (
				F86F1BAB21E336EC0075462E /* PWBigTitleView.h */,
				F86F1BAC21E336EC0075462E /* PWBigTitleView.m */,
				F86F1BAE21E33DDC0075462E /* PWBigTitleViewModel.h */,
				F86F1BAF21E33DDC0075462E /* PWBigTitleViewModel.m */,
			);
			path = BigTitle;
			sourceTree = "<group>";
		};
		F86F1BBC21E3581C0075462E /* Interactors */ = {
			isa = PBXGroup;
			children = (
				F86F1BBD21E358260075462E /* PWInteractor.h */,
				F86F1BBE21E358260075462E /* PWInteractor.m */,
			);
			path = Interactors;
			sourceTree = "<group>";
		};
		F86F1BC421E43B130075462E /* Skin */ = {
			isa = PBXGroup;
			children = (
				F86F1BC521E43B260075462E /* PWSkinManager.h */,
				F86F1BC621E43B260075462E /* PWSkinManager.m */,
			);
			path = Skin;
			sourceTree = "<group>";
		};
		F86F1BC821E442C80075462E /* View */ = {
			isa = PBXGroup;
			children = (
				F86F1BC921E442D70075462E /* PWCategoryUserItemView.h */,
				F86F1BCA21E442D70075462E /* PWCategoryUserItemView.m */,
				F8FD7CBF21E4D407000145D6 /* PWCategoryFooterItemView.h */,
				F8FD7CC021E4D407000145D6 /* PWCategoryFooterItemView.m */,
			);
			path = View;
			sourceTree = "<group>";
		};
		F86F1BCC21E443750075462E /* ViewModel */ = {
			isa = PBXGroup;
			children = (
				F86F1BCD21E4439B0075462E /* PWCategoryUserViewModel.h */,
				F86F1BCE21E4439B0075462E /* PWCategoryUserViewModel.m */,
				F8FD7CC221E4D451000145D6 /* PWCagegoryFooterViewModel.h */,
				F8FD7CC321E4D451000145D6 /* PWCagegoryFooterViewModel.m */,
			);
			path = ViewModel;
			sourceTree = "<group>";
		};
		F86F1BD021E449410075462E /* ImageCatch */ = {
			isa = PBXGroup;
			children = (
				F86F1BD121E4495F0075462E /* UIImageView+PWWebCatch.h */,
				F86F1BD221E4495F0075462E /* UIImageView+PWWebCatch.m */,
				F86F1BD421E44A160075462E /* PWImageConfigModel.h */,
				F86F1BD521E44A160075462E /* PWImageConfigModel.m */,
			);
			path = ImageCatch;
			sourceTree = "<group>";
		};
		F87872B521B96DE500CA34CE /* Category */ = {
			isa = PBXGroup;
			children = (
				F8FD7CB521E4963A000145D6 /* Model */,
				F86F1BCC21E443750075462E /* ViewModel */,
				F86F1BC821E442C80075462E /* View */,
				F87872B621B96DFF00CA34CE /* PWCategoryViewController.h */,
				F87872B721B96DFF00CA34CE /* PWCategoryViewController.m */,
				F87872B921B9705E00CA34CE /* PWCategoryDataSource.h */,
				F87872BA21B9705E00CA34CE /* PWCategoryDataSource.m */,
				F87872C221BC0B4800CA34CE /* PWCategorySectionModel.h */,
				F87872C321BC0B4800CA34CE /* PWCategorySectionModel.m */,
				F87872C521BC0BA200CA34CE /* PWCategoryViewModel.h */,
				F87872C621BC0BA200CA34CE /* PWCategoryViewModel.m */,
				F86F1BC121E43A750075462E /* PWCategoryItemView.h */,
				F86F1BC221E43A750075462E /* PWCategoryItemView.m */,
			);
			path = Category;
			sourceTree = "<group>";
		};
		F8FD7CB521E4963A000145D6 /* Model */ = {
			isa = PBXGroup;
			children = (
				F8FD7CB621E49649000145D6 /* PWCategoryModel.h */,
				F8FD7CB721E49649000145D6 /* PWCategoryModel.m */,
			);
			path = Model;
			sourceTree = "<group>";
		};
		F8FD7CCB21E5A3DD000145D6 /* Transition */ = {
			isa = PBXGroup;
			children = (
				F8FD7CCC21E5A3FF000145D6 /* PWHomeCategoryTransition.h */,
				F8FD7CCD21E5A3FF000145D6 /* PWHomeCategoryTransition.m */,
				F8FD7CD121E5B291000145D6 /* PWPresentAnimationTransition.h */,
				F8FD7CD221E5B291000145D6 /* PWPresentAnimationTransition.m */,
				F8FD7CD521E5C7FD000145D6 /* PWPresentationController.h */,
				F8FD7CD621E5C7FD000145D6 /* PWPresentationController.m */,
				F8FD7CD821E5CA57000145D6 /* PWDismissAnimationTransition.h */,
				F8FD7CD921E5CA57000145D6 /* PWDismissAnimationTransition.m */,
			);
			path = Transition;
			sourceTree = "<group>";
		};
/* End PBXGroup section */

/* Begin PBXNativeTarget section */
		F838F1B721AA4B2600C309F2 /* PWNote */ = {
			isa = PBXNativeTarget;
			buildConfigurationList = F838F1E421AA4B2700C309F2 /* Build configuration list for PBXNativeTarget "PWNote" */;
			buildPhases = (
				4A90AF879D23E2C72F2D29F9 /* [CP] Check Pods Manifest.lock */,
				F838F1B421AA4B2600C309F2 /* Sources */,
				F838F1B521AA4B2600C309F2 /* Frameworks */,
				F838F1B621AA4B2600C309F2 /* Resources */,
			);
			buildRules = (
			);
			dependencies = (
			);
			name = PWNote;
			productName = PWNote;
			productReference = F838F1B821AA4B2600C309F2 /* PWNote.app */;
			productType = "com.apple.product-type.application";
		};
		F838F1CF21AA4B2700C309F2 /* PWNoteTests */ = {
			isa = PBXNativeTarget;
			buildConfigurationList = F838F1E721AA4B2700C309F2 /* Build configuration list for PBXNativeTarget "PWNoteTests" */;
			buildPhases = (
				F838F1CC21AA4B2700C309F2 /* Sources */,
				F838F1CD21AA4B2700C309F2 /* Frameworks */,
				F838F1CE21AA4B2700C309F2 /* Resources */,
			);
			buildRules = (
			);
			dependencies = (
				F838F1D221AA4B2700C309F2 /* PBXTargetDependency */,
			);
			name = PWNoteTests;
			productName = PWNoteTests;
			productReference = F838F1D021AA4B2700C309F2 /* PWNoteTests.xctest */;
			productType = "com.apple.product-type.bundle.unit-test";
		};
		F838F1DA21AA4B2700C309F2 /* PWNoteUITests */ = {
			isa = PBXNativeTarget;
			buildConfigurationList = F838F1EA21AA4B2700C309F2 /* Build configuration list for PBXNativeTarget "PWNoteUITests" */;
			buildPhases = (
				F838F1D721AA4B2700C309F2 /* Sources */,
				F838F1D821AA4B2700C309F2 /* Frameworks */,
				F838F1D921AA4B2700C309F2 /* Resources */,
			);
			buildRules = (
			);
			dependencies = (
				F838F1DD21AA4B2700C309F2 /* PBXTargetDependency */,
			);
			name = PWNoteUITests;
			productName = PWNoteUITests;
			productReference = F838F1DB21AA4B2700C309F2 /* PWNoteUITests.xctest */;
			productType = "com.apple.product-type.bundle.ui-testing";
		};
/* End PBXNativeTarget section */

/* Begin PBXProject section */
		F838F1B021AA4B2600C309F2 /* Project object */ = {
			isa = PBXProject;
			attributes = {
				CLASSPREFIX = PW;
				LastUpgradeCheck = 1010;
				ORGANIZATIONNAME = "明妍";
				TargetAttributes = {
					F838F1B721AA4B2600C309F2 = {
						CreatedOnToolsVersion = 10.1;
					};
					F838F1CF21AA4B2700C309F2 = {
						CreatedOnToolsVersion = 10.1;
						TestTargetID = F838F1B721AA4B2600C309F2;
					};
					F838F1DA21AA4B2700C309F2 = {
						CreatedOnToolsVersion = 10.1;
						TestTargetID = F838F1B721AA4B2600C309F2;
					};
				};
			};
			buildConfigurationList = F838F1B321AA4B2600C309F2 /* Build configuration list for PBXProject "PWNote" */;
			compatibilityVersion = "Xcode 9.3";
			developmentRegion = en;
			hasScannedForEncodings = 0;
			knownRegions = (
				en,
				Base,
			);
			mainGroup = F838F1AF21AA4B2600C309F2;
			productRefGroup = F838F1B921AA4B2600C309F2 /* Products */;
			projectDirPath = "";
			projectRoot = "";
			targets = (
				F838F1B721AA4B2600C309F2 /* PWNote */,
				F838F1CF21AA4B2700C309F2 /* PWNoteTests */,
				F838F1DA21AA4B2700C309F2 /* PWNoteUITests */,
			);
		};
/* End PBXProject section */

/* Begin PBXResourcesBuildPhase section */
		F838F1B621AA4B2600C309F2 /* Resources */ = {
			isa = PBXResourcesBuildPhase;
			buildActionMask = 2147483647;
			files = (
				F838F1C821AA4B2700C309F2 /* LaunchScreen.storyboard in Resources */,
				F81C12EB21B2667B009CF497 /* iconfont.ttf in Resources */,
				F838F1C521AA4B2700C309F2 /* Assets.xcassets in Resources */,
				F838F1C321AA4B2600C309F2 /* Main.storyboard in Resources */,
			);
			runOnlyForDeploymentPostprocessing = 0;
		};
		F838F1CE21AA4B2700C309F2 /* Resources */ = {
			isa = PBXResourcesBuildPhase;
			buildActionMask = 2147483647;
			files = (
			);
			runOnlyForDeploymentPostprocessing = 0;
		};
		F838F1D921AA4B2700C309F2 /* Resources */ = {
			isa = PBXResourcesBuildPhase;
			buildActionMask = 2147483647;
			files = (
			);
			runOnlyForDeploymentPostprocessing = 0;
		};
/* End PBXResourcesBuildPhase section */

/* Begin PBXShellScriptBuildPhase section */
		4A90AF879D23E2C72F2D29F9 /* [CP] Check Pods Manifest.lock */ = {
			isa = PBXShellScriptBuildPhase;
			buildActionMask = 2147483647;
			files = (
			);
			inputPaths = (
				"${PODS_PODFILE_DIR_PATH}/Podfile.lock",
				"${PODS_ROOT}/Manifest.lock",
			);
			name = "[CP] Check Pods Manifest.lock";
			outputPaths = (
				"$(DERIVED_FILE_DIR)/Pods-PWNote-checkManifestLockResult.txt",
			);
			runOnlyForDeploymentPostprocessing = 0;
			shellPath = /bin/sh;
			shellScript = "diff \"${PODS_PODFILE_DIR_PATH}/Podfile.lock\" \"${PODS_ROOT}/Manifest.lock\" > /dev/null\nif [ $? != 0 ] ; then\n    # print error to STDERR\n    echo \"error: The sandbox is not in sync with the Podfile.lock. Run 'pod install' or update your CocoaPods installation.\" >&2\n    exit 1\nfi\n# This output is used by Xcode 'outputs' to avoid re-running this script phase.\necho \"SUCCESS\" > \"${SCRIPT_OUTPUT_FILE_0}\"\n";
			showEnvVarsInLog = 0;
		};
/* End PBXShellScriptBuildPhase section */

/* Begin PBXSourcesBuildPhase section */
		F838F1B421AA4B2600C309F2 /* Sources */ = {
			isa = PBXSourcesBuildPhase;
			buildActionMask = 2147483647;
			files = (
				F86F1BC721E43B260075462E /* PWSkinManager.m in Sources */,
				F81C132321B3CE61009CF497 /* PWUserView.m in Sources */,
				F87872C121B9760D00CA34CE /* UICollectionViewCell+PWItemView.m in Sources */,
				F81C131A21B37DE0009CF497 /* PWMissionModel.m in Sources */,
				F8FD7CDA21E5CA57000145D6 /* PWDismissAnimationTransition.m in Sources */,
				F81C12AE21AC43F1009CF497 /* PWDataSource.m in Sources */,
				F86F1BBA21E34C9B0075462E /* PWBigTitleTableViewController.m in Sources */,
				F81C135721B400DA009CF497 /* MBProgressHUD+PWUtils.m in Sources */,
				F8FD7CC121E4D407000145D6 /* PWCategoryFooterItemView.m in Sources */,
				F87872C421BC0B4800CA34CE /* PWCategorySectionModel.m in Sources */,
				F887CC7E21D205A00009F5EC /* PWUpdateUtils.m in Sources */,
				F81C133021B3DA43009CF497 /* PWKeepViewModel.m in Sources */,
				F81C12AA21AC3BA2009CF497 /* PWTableViewController.m in Sources */,
				F81C128721AA4FA8009CF497 /* PWHomeViewController.m in Sources */,
				F81C134321B3F3B2009CF497 /* PWNetworkService.m in Sources */,
				F81C133C21B3F257009CF497 /* PWUserManager.m in Sources */,
				F8FD7CB821E49649000145D6 /* PWCategoryModel.m in Sources */,
				F86F1BCB21E442D70075462E /* PWCategoryUserItemView.m in Sources */,
				F86F1BAD21E336EC0075462E /* PWBigTitleView.m in Sources */,
				F86F1BD621E44A160075462E /* PWImageConfigModel.m in Sources */,
				F81C132D21B3D971009CF497 /* PWTodoListViewModel.m in Sources */,
				F81C131721B37DAC009CF497 /* PWMissionViewModel.m in Sources */,
				F8FD7CD321E5B291000145D6 /* PWPresentAnimationTransition.m in Sources */,
				F887CC7B21D204DD0009F5EC /* PWApplicationMessages.m in Sources */,
				F86F1BCF21E4439B0075462E /* PWCategoryUserViewModel.m in Sources */,
				F8FD7CD721E5C7FD000145D6 /* PWPresentationController.m in Sources */,
				F81C12A321AAFEE9009CF497 /* PWCollectionDelegate.m in Sources */,
				F81C134621B3F981009CF497 /* PWSettingDataSource.m in Sources */,
				F838F1C021AA4B2600C309F2 /* ViewController.m in Sources */,
				F81C130321B269B8009CF497 /* PWToDoListViewController.m in Sources */,
				F838F1CB21AA4B2700C309F2 /* main.m in Sources */,
				F81C130621B269DE009CF497 /* PWKeepViewController.m in Sources */,
				F81C12E921B2667B009CF497 /* AMButtonFactory.m in Sources */,
				F81C12CA21AC4EBB009CF497 /* PWMoreViewModel.m in Sources */,
				F838F1BD21AA4B2600C309F2 /* AppDelegate.m in Sources */,
				F86F1BC321E43A750075462E /* PWCategoryItemView.m in Sources */,
				F81C133621B3DB65009CF497 /* PWKeepItemView.m in Sources */,
				F81C127B21AA4EC6009CF497 /* PWNavigationViewController.m in Sources */,
				F81C129121AA551F009CF497 /* PWRouter.m in Sources */,
				F81C134C21B3FA77009CF497 /* PWSettingItemView.m in Sources */,
				F8FD7CC721E5884B000145D6 /* NSArray+PWAddition.m in Sources */,
				F8FD7CC421E4D451000145D6 /* PWCagegoryFooterViewModel.m in Sources */,
				F81C12B321AC4524009CF497 /* PWViewModel.m in Sources */,
				F81C132021B38118009CF497 /* UIView+ALMAdditons.m in Sources */,
				F81C132721B3D0E0009CF497 /* PWUserViewController.m in Sources */,
				F81C129C21AAF60E009CF497 /* PWSettingViewController.m in Sources */,
				F81C12C221AC4B7C009CF497 /* UITableViewCell+PWItemView.m in Sources */,
				F81C129721AA5607009CF497 /* PWRouterAction.m in Sources */,
				F81C133321B3DA52009CF497 /* PWKeepDataSource.m in Sources */,
				F81C132A21B3D950009CF497 /* PWToDoListDataSource.m in Sources */,
				F87872B821B96DFF00CA34CE /* PWCategoryViewController.m in Sources */,
				F81C12BC21AC461B009CF497 /* PWItemView.m in Sources */,
				F81C134921B3F99A009CF497 /* PWSettingViewModel.m in Sources */,
				F81C12C721AC4DFB009CF497 /* PWMoreDataSource.m in Sources */,
				F8FD7CBB21E4A23C000145D6 /* NSString+PWEmpty.m in Sources */,
				F81C12B721AC4559009CF497 /* PWSectionModel.m in Sources */,
				F86F1BBF21E358260075462E /* PWInteractor.m in Sources */,
				F81C12FE21B2682F009CF497 /* PWMissionViewController.m in Sources */,
				F87872BE21B9721D00CA34CE /* PWCollectionViewViewController.m in Sources */,
				F81C133921B3DD13009CF497 /* PWTableViewAutoAlyoutDelegate.m in Sources */,
				F81C133F21B3F25F009CF497 /* PWUser.m in Sources */,
				F87872BB21B9705E00CA34CE /* PWCategoryDataSource.m in Sources */,
				F81C128321AA4F32009CF497 /* PWTestHomeViewController.m in Sources */,
				F81C129F21AAF676009CF497 /* PWMoreViewController.m in Sources */,
				F86F1BB321E343AD0075462E /* PWBigTitleCollectionViewController.m in Sources */,
				F8FD7CCA21E58A4A000145D6 /* NSDictionary+PWAddition.m in Sources */,
				F81C12A621AAFEFA009CF497 /* PWTableViewDelegate.m in Sources */,
				F8FD7CCE21E5A3FF000145D6 /* PWHomeCategoryTransition.m in Sources */,
				F87872C721BC0BA200CA34CE /* PWCategoryViewModel.m in Sources */,
				F86F1BD321E4495F0075462E /* UIImageView+PWWebCatch.m in Sources */,
				F81C128B21AA4FF0009CF497 /* PWLocalConfig.m in Sources */,
				F81C128E21AA4FFE009CF497 /* PWLocalManager.m in Sources */,
				F86F1BB021E33DDC0075462E /* PWBigTitleViewModel.m in Sources */,
				F81C131421B37A24009CF497 /* PWMissionDataSource.m in Sources */,
				F81C131D21B37E10009CF497 /* PWMissionItemView.m in Sources */,
				F838F1F221AA4C2900C309F2 /* PWViewController.m in Sources */,
				F81C12EE21B2667B009CF497 /* AMIconFont.m in Sources */,
			);
			runOnlyForDeploymentPostprocessing = 0;
		};
		F838F1CC21AA4B2700C309F2 /* Sources */ = {
			isa = PBXSourcesBuildPhase;
			buildActionMask = 2147483647;
			files = (
				F838F1D521AA4B2700C309F2 /* PWNoteTests.m in Sources */,
			);
			runOnlyForDeploymentPostprocessing = 0;
		};
		F838F1D721AA4B2700C309F2 /* Sources */ = {
			isa = PBXSourcesBuildPhase;
			buildActionMask = 2147483647;
			files = (
				F838F1E021AA4B2700C309F2 /* PWNoteUITests.m in Sources */,
			);
			runOnlyForDeploymentPostprocessing = 0;
		};
/* End PBXSourcesBuildPhase section */

/* Begin PBXTargetDependency section */
		F838F1D221AA4B2700C309F2 /* PBXTargetDependency */ = {
			isa = PBXTargetDependency;
			target = F838F1B721AA4B2600C309F2 /* PWNote */;
			targetProxy = F838F1D121AA4B2700C309F2 /* PBXContainerItemProxy */;
		};
		F838F1DD21AA4B2700C309F2 /* PBXTargetDependency */ = {
			isa = PBXTargetDependency;
			target = F838F1B721AA4B2600C309F2 /* PWNote */;
			targetProxy = F838F1DC21AA4B2700C309F2 /* PBXContainerItemProxy */;
		};
/* End PBXTargetDependency section */

/* Begin PBXVariantGroup section */
		F838F1C121AA4B2600C309F2 /* Main.storyboard */ = {
			isa = PBXVariantGroup;
			children = (
				F838F1C221AA4B2600C309F2 /* Base */,
			);
			name = Main.storyboard;
			sourceTree = "<group>";
		};
		F838F1C621AA4B2700C309F2 /* LaunchScreen.storyboard */ = {
			isa = PBXVariantGroup;
			children = (
				F838F1C721AA4B2700C309F2 /* Base */,
			);
			name = LaunchScreen.storyboard;
			sourceTree = "<group>";
		};
/* End PBXVariantGroup section */

/* Begin XCBuildConfiguration section */
		F838F1E221AA4B2700C309F2 /* Debug */ = {
			isa = XCBuildConfiguration;
			buildSettings = {
				ALWAYS_SEARCH_USER_PATHS = NO;
				CLANG_ANALYZER_NONNULL = YES;
				CLANG_ANALYZER_NUMBER_OBJECT_CONVERSION = YES_AGGRESSIVE;
				CLANG_CXX_LANGUAGE_STANDARD = "gnu++14";
				CLANG_CXX_LIBRARY = "libc++";
				CLANG_ENABLE_MODULES = YES;
				CLANG_ENABLE_OBJC_ARC = YES;
				CLANG_ENABLE_OBJC_WEAK = YES;
				CLANG_WARN_BLOCK_CAPTURE_AUTORELEASING = YES;
				CLANG_WARN_BOOL_CONVERSION = YES;
				CLANG_WARN_COMMA = YES;
				CLANG_WARN_CONSTANT_CONVERSION = YES;
				CLANG_WARN_DEPRECATED_OBJC_IMPLEMENTATIONS = YES;
				CLANG_WARN_DIRECT_OBJC_ISA_USAGE = YES_ERROR;
				CLANG_WARN_DOCUMENTATION_COMMENTS = YES;
				CLANG_WARN_EMPTY_BODY = YES;
				CLANG_WARN_ENUM_CONVERSION = YES;
				CLANG_WARN_INFINITE_RECURSION = YES;
				CLANG_WARN_INT_CONVERSION = YES;
				CLANG_WARN_NON_LITERAL_NULL_CONVERSION = YES;
				CLANG_WARN_OBJC_IMPLICIT_RETAIN_SELF = YES;
				CLANG_WARN_OBJC_LITERAL_CONVERSION = YES;
				CLANG_WARN_OBJC_ROOT_CLASS = YES_ERROR;
				CLANG_WARN_RANGE_LOOP_ANALYSIS = YES;
				CLANG_WARN_STRICT_PROTOTYPES = YES;
				CLANG_WARN_SUSPICIOUS_MOVE = YES;
				CLANG_WARN_UNGUARDED_AVAILABILITY = YES_AGGRESSIVE;
				CLANG_WARN_UNREACHABLE_CODE = YES;
				CLANG_WARN__DUPLICATE_METHOD_MATCH = YES;
				CODE_SIGN_IDENTITY = "iPhone Developer";
				COPY_PHASE_STRIP = NO;
				DEBUG_INFORMATION_FORMAT = dwarf;
				ENABLE_STRICT_OBJC_MSGSEND = YES;
				ENABLE_TESTABILITY = YES;
				GCC_C_LANGUAGE_STANDARD = gnu11;
				GCC_DYNAMIC_NO_PIC = NO;
				GCC_NO_COMMON_BLOCKS = YES;
				GCC_OPTIMIZATION_LEVEL = 0;
				GCC_PREPROCESSOR_DEFINITIONS = (
					"DEBUG=1",
					"$(inherited)",
				);
				GCC_WARN_64_TO_32_BIT_CONVERSION = YES;
				GCC_WARN_ABOUT_RETURN_TYPE = YES_ERROR;
				GCC_WARN_UNDECLARED_SELECTOR = YES;
				GCC_WARN_UNINITIALIZED_AUTOS = YES_AGGRESSIVE;
				GCC_WARN_UNUSED_FUNCTION = YES;
				GCC_WARN_UNUSED_VARIABLE = YES;
				IPHONEOS_DEPLOYMENT_TARGET = 12.1;
				MTL_ENABLE_DEBUG_INFO = INCLUDE_SOURCE;
				MTL_FAST_MATH = YES;
				ONLY_ACTIVE_ARCH = YES;
				SDKROOT = iphoneos;
			};
			name = Debug;
		};
		F838F1E321AA4B2700C309F2 /* Release */ = {
			isa = XCBuildConfiguration;
			buildSettings = {
				ALWAYS_SEARCH_USER_PATHS = NO;
				CLANG_ANALYZER_NONNULL = YES;
				CLANG_ANALYZER_NUMBER_OBJECT_CONVERSION = YES_AGGRESSIVE;
				CLANG_CXX_LANGUAGE_STANDARD = "gnu++14";
				CLANG_CXX_LIBRARY = "libc++";
				CLANG_ENABLE_MODULES = YES;
				CLANG_ENABLE_OBJC_ARC = YES;
				CLANG_ENABLE_OBJC_WEAK = YES;
				CLANG_WARN_BLOCK_CAPTURE_AUTORELEASING = YES;
				CLANG_WARN_BOOL_CONVERSION = YES;
				CLANG_WARN_COMMA = YES;
				CLANG_WARN_CONSTANT_CONVERSION = YES;
				CLANG_WARN_DEPRECATED_OBJC_IMPLEMENTATIONS = YES;
				CLANG_WARN_DIRECT_OBJC_ISA_USAGE = YES_ERROR;
				CLANG_WARN_DOCUMENTATION_COMMENTS = YES;
				CLANG_WARN_EMPTY_BODY = YES;
				CLANG_WARN_ENUM_CONVERSION = YES;
				CLANG_WARN_INFINITE_RECURSION = YES;
				CLANG_WARN_INT_CONVERSION = YES;
				CLANG_WARN_NON_LITERAL_NULL_CONVERSION = YES;
				CLANG_WARN_OBJC_IMPLICIT_RETAIN_SELF = YES;
				CLANG_WARN_OBJC_LITERAL_CONVERSION = YES;
				CLANG_WARN_OBJC_ROOT_CLASS = YES_ERROR;
				CLANG_WARN_RANGE_LOOP_ANALYSIS = YES;
				CLANG_WARN_STRICT_PROTOTYPES = YES;
				CLANG_WARN_SUSPICIOUS_MOVE = YES;
				CLANG_WARN_UNGUARDED_AVAILABILITY = YES_AGGRESSIVE;
				CLANG_WARN_UNREACHABLE_CODE = YES;
				CLANG_WARN__DUPLICATE_METHOD_MATCH = YES;
				CODE_SIGN_IDENTITY = "iPhone Developer";
				COPY_PHASE_STRIP = NO;
				DEBUG_INFORMATION_FORMAT = "dwarf-with-dsym";
				ENABLE_NS_ASSERTIONS = NO;
				ENABLE_STRICT_OBJC_MSGSEND = YES;
				GCC_C_LANGUAGE_STANDARD = gnu11;
				GCC_NO_COMMON_BLOCKS = YES;
				GCC_WARN_64_TO_32_BIT_CONVERSION = YES;
				GCC_WARN_ABOUT_RETURN_TYPE = YES_ERROR;
				GCC_WARN_UNDECLARED_SELECTOR = YES;
				GCC_WARN_UNINITIALIZED_AUTOS = YES_AGGRESSIVE;
				GCC_WARN_UNUSED_FUNCTION = YES;
				GCC_WARN_UNUSED_VARIABLE = YES;
				IPHONEOS_DEPLOYMENT_TARGET = 12.1;
				MTL_ENABLE_DEBUG_INFO = NO;
				MTL_FAST_MATH = YES;
				SDKROOT = iphoneos;
				VALIDATE_PRODUCT = YES;
			};
			name = Release;
		};
		F838F1E521AA4B2700C309F2 /* Debug */ = {
			isa = XCBuildConfiguration;
			baseConfigurationReference = 7258A6FF615CE16C4387B440 /* Pods-PWNote.debug.xcconfig */;
			buildSettings = {
				ASSETCATALOG_COMPILER_APPICON_NAME = AppIcon;
				CODE_SIGN_STYLE = Automatic;
				DEVELOPMENT_TEAM = J75WQTUZC9;
				INFOPLIST_FILE = PWNote/Info.plist;
				IPHONEOS_DEPLOYMENT_TARGET = 11.0;
				LD_RUNPATH_SEARCH_PATHS = (
					"$(inherited)",
					"@executable_path/Frameworks",
				);
				PRODUCT_BUNDLE_IDENTIFIER = com.pwyxgs.PWNote;
				PRODUCT_NAME = "$(TARGET_NAME)";
				TARGETED_DEVICE_FAMILY = "1,2";
			};
			name = Debug;
		};
		F838F1E621AA4B2700C309F2 /* Release */ = {
			isa = XCBuildConfiguration;
			baseConfigurationReference = 2CF38FAFBEB73E094EC36422 /* Pods-PWNote.release.xcconfig */;
			buildSettings = {
				ASSETCATALOG_COMPILER_APPICON_NAME = AppIcon;
				CODE_SIGN_STYLE = Automatic;
				DEVELOPMENT_TEAM = J75WQTUZC9;
				INFOPLIST_FILE = PWNote/Info.plist;
				IPHONEOS_DEPLOYMENT_TARGET = 11.0;
				LD_RUNPATH_SEARCH_PATHS = (
					"$(inherited)",
					"@executable_path/Frameworks",
				);
				PRODUCT_BUNDLE_IDENTIFIER = com.pwyxgs.PWNote;
				PRODUCT_NAME = "$(TARGET_NAME)";
				TARGETED_DEVICE_FAMILY = "1,2";
			};
			name = Release;
		};
		F838F1E821AA4B2700C309F2 /* Debug */ = {
			isa = XCBuildConfiguration;
			buildSettings = {
				BUNDLE_LOADER = "$(TEST_HOST)";
				CODE_SIGN_STYLE = Automatic;
				INFOPLIST_FILE = PWNoteTests/Info.plist;
				LD_RUNPATH_SEARCH_PATHS = (
					"$(inherited)",
					"@executable_path/Frameworks",
					"@loader_path/Frameworks",
				);
				PRODUCT_BUNDLE_IDENTIFIER = com.pwyxgs.PWNoteTests;
				PRODUCT_NAME = "$(TARGET_NAME)";
				TARGETED_DEVICE_FAMILY = "1,2";
				TEST_HOST = "$(BUILT_PRODUCTS_DIR)/PWNote.app/PWNote";
			};
			name = Debug;
		};
		F838F1E921AA4B2700C309F2 /* Release */ = {
			isa = XCBuildConfiguration;
			buildSettings = {
				BUNDLE_LOADER = "$(TEST_HOST)";
				CODE_SIGN_STYLE = Automatic;
				INFOPLIST_FILE = PWNoteTests/Info.plist;
				LD_RUNPATH_SEARCH_PATHS = (
					"$(inherited)",
					"@executable_path/Frameworks",
					"@loader_path/Frameworks",
				);
				PRODUCT_BUNDLE_IDENTIFIER = com.pwyxgs.PWNoteTests;
				PRODUCT_NAME = "$(TARGET_NAME)";
				TARGETED_DEVICE_FAMILY = "1,2";
				TEST_HOST = "$(BUILT_PRODUCTS_DIR)/PWNote.app/PWNote";
			};
			name = Release;
		};
		F838F1EB21AA4B2700C309F2 /* Debug */ = {
			isa = XCBuildConfiguration;
			buildSettings = {
				CODE_SIGN_STYLE = Automatic;
				INFOPLIST_FILE = PWNoteUITests/Info.plist;
				LD_RUNPATH_SEARCH_PATHS = (
					"$(inherited)",
					"@executable_path/Frameworks",
					"@loader_path/Frameworks",
				);
				PRODUCT_BUNDLE_IDENTIFIER = com.pwyxgs.PWNoteUITests;
				PRODUCT_NAME = "$(TARGET_NAME)";
				TARGETED_DEVICE_FAMILY = "1,2";
				TEST_TARGET_NAME = PWNote;
			};
			name = Debug;
		};
		F838F1EC21AA4B2700C309F2 /* Release */ = {
			isa = XCBuildConfiguration;
			buildSettings = {
				CODE_SIGN_STYLE = Automatic;
				INFOPLIST_FILE = PWNoteUITests/Info.plist;
				LD_RUNPATH_SEARCH_PATHS = (
					"$(inherited)",
					"@executable_path/Frameworks",
					"@loader_path/Frameworks",
				);
				PRODUCT_BUNDLE_IDENTIFIER = com.pwyxgs.PWNoteUITests;
				PRODUCT_NAME = "$(TARGET_NAME)";
				TARGETED_DEVICE_FAMILY = "1,2";
				TEST_TARGET_NAME = PWNote;
			};
			name = Release;
		};
/* End XCBuildConfiguration section */

/* Begin XCConfigurationList section */
		F838F1B321AA4B2600C309F2 /* Build configuration list for PBXProject "PWNote" */ = {
			isa = XCConfigurationList;
			buildConfigurations = (
				F838F1E221AA4B2700C309F2 /* Debug */,
				F838F1E321AA4B2700C309F2 /* Release */,
			);
			defaultConfigurationIsVisible = 0;
			defaultConfigurationName = Release;
		};
		F838F1E421AA4B2700C309F2 /* Build configuration list for PBXNativeTarget "PWNote" */ = {
			isa = XCConfigurationList;
			buildConfigurations = (
				F838F1E521AA4B2700C309F2 /* Debug */,
				F838F1E621AA4B2700C309F2 /* Release */,
			);
			defaultConfigurationIsVisible = 0;
			defaultConfigurationName = Release;
		};
		F838F1E721AA4B2700C309F2 /* Build configuration list for PBXNativeTarget "PWNoteTests" */ = {
			isa = XCConfigurationList;
			buildConfigurations = (
				F838F1E821AA4B2700C309F2 /* Debug */,
				F838F1E921AA4B2700C309F2 /* Release */,
			);
			defaultConfigurationIsVisible = 0;
			defaultConfigurationName = Release;
		};
		F838F1EA21AA4B2700C309F2 /* Build configuration list for PBXNativeTarget "PWNoteUITests" */ = {
			isa = XCConfigurationList;
			buildConfigurations = (
				F838F1EB21AA4B2700C309F2 /* Debug */,
				F838F1EC21AA4B2700C309F2 /* Release */,
			);
			defaultConfigurationIsVisible = 0;
			defaultConfigurationName = Release;
		};
/* End XCConfigurationList section */
	};
	rootObject = F838F1B021AA4B2600C309F2 /* Project object */;
}
